<?xml version="1.0" encoding="utf-8"?>
<Project ToolsVersion="4.0" xmlns="http://schemas.microsoft.com/developer/msbuild/2003">
  <ItemGroup>
    <Filter Include="Generated Files">
      <UniqueIdentifier>{71ED8ED8-ACB9-4CE9-BBE1-E00B30144E11}</UniqueIdentifier>
    </Filter>
    <Filter Include="Resources">
      <UniqueIdentifier>{D9D6E242-F8AF-46E4-B9FD-80ECBC20BA3E}</UniqueIdentifier>
    </Filter>
    <Filter Include="3rdparty">
      <UniqueIdentifier>{476acc91-c8c7-4ba7-9835-c0b566f562dd}</UniqueIdentifier>
    </Filter>
    <Filter Include="3rdparty\ToolWindowManager">
      <UniqueIdentifier>{6c205a59-af2f-49ab-bcbf-e83799ce89a3}</UniqueIdentifier>
    </Filter>
    <Filter Include="3rdparty\FlowLayout">
      <UniqueIdentifier>{c820ead5-74a1-4010-86bb-d5d77b5d13fd}</UniqueIdentifier>
    </Filter>
    <Filter Include="Code">
      <UniqueIdentifier>{96c62ca7-39e7-4fca-a6a4-c8e1c3e2a324}</UniqueIdentifier>
    </Filter>
    <Filter Include="Code\pyrenderdoc">
      <UniqueIdentifier>{c2e91ed4-8c04-4fdc-accf-8fed288f2cd8}</UniqueIdentifier>
    </Filter>
    <Filter Include="Windows">
      <UniqueIdentifier>{897f728c-8a11-41c3-ba6f-75815d9e06db}</UniqueIdentifier>
    </Filter>
    <Filter Include="Windows\Dialogs">
      <UniqueIdentifier>{06b18b38-7ec5-4195-8230-f5be6348ecfb}</UniqueIdentifier>
    </Filter>
    <Filter Include="Widgets">
      <UniqueIdentifier>{633cf7bf-24ec-4927-835b-f6e96e21c288}</UniqueIdentifier>
    </Filter>
    <Filter Include="Widgets\Extended">
      <UniqueIdentifier>{42a491e9-4e18-4220-8de2-e07b7cde26bc}</UniqueIdentifier>
    </Filter>
    <Filter Include="Windows\PipelineState">
      <UniqueIdentifier>{7ba076e7-3417-4e91-be51-9e7f17a19c24}</UniqueIdentifier>
    </Filter>
    <Filter Include="3rdparty\Scintilla">
      <UniqueIdentifier>{6c0de148-de6a-4ab3-91ad-fae4a5278c03}</UniqueIdentifier>
    </Filter>
    <Filter Include="3rdparty\Scintilla\lexlib">
      <UniqueIdentifier>{e0300f3d-d087-46c8-9a35-b9d709a212d8}</UniqueIdentifier>
    </Filter>
    <Filter Include="3rdparty\Scintilla\lexers">
      <UniqueIdentifier>{bd9a022f-7925-4f17-acc3-8d4688b8c0d6}</UniqueIdentifier>
    </Filter>
    <Filter Include="3rdparty\Scintilla\src">
      <UniqueIdentifier>{92b9dc0e-7bb4-402a-bd5e-799d5ccdaa36}</UniqueIdentifier>
    </Filter>
    <Filter Include="3rdparty\Scintilla\qt">
      <UniqueIdentifier>{2b0fab33-f1b9-4488-bc9c-f3b65b0e955c}</UniqueIdentifier>
    </Filter>
    <Filter Include="3rdparty\Scintilla\include">
      <UniqueIdentifier>{3dcd3970-3ccb-448b-b596-93c1a272b0fd}</UniqueIdentifier>
    </Filter>
    <Filter Include="3rdparty\Scintilla\include\qt">
      <UniqueIdentifier>{28c1a078-8722-4949-bed4-a1bed6c26082}</UniqueIdentifier>
    </Filter>
    <Filter Include="3rdparty\Scintilla\qt\ScintillaEdit">
      <UniqueIdentifier>{e7b5de50-ab5a-4a91-a53f-a524ea51641c}</UniqueIdentifier>
    </Filter>
    <Filter Include="3rdparty\Scintilla\qt\ScintillaEditBase">
      <UniqueIdentifier>{4a14bfec-662c-410a-8d94-dccf5ba6cb0b}</UniqueIdentifier>
    </Filter>
    <Filter Include="Code\Interface">
      <UniqueIdentifier>{7986f203-466f-4a74-93a2-6feeaec3b05b}</UniqueIdentifier>
    </Filter>
    <Filter Include="PCH">
      <UniqueIdentifier>{4869e303-055c-4458-91d6-89ecc827f338}</UniqueIdentifier>
    </Filter>
    <Filter Include="Styles">
      <UniqueIdentifier>{f74a424c-ce15-4da6-9af4-c6bcf62aa581}</UniqueIdentifier>
    </Filter>
    <Filter Include="Styles\RDStyle">
      <UniqueIdentifier>{1e176174-0c57-44df-82b1-638ced184b72}</UniqueIdentifier>
    </Filter>
    <Filter Include="Styles\RDTweakedNativeStyle">
      <UniqueIdentifier>{c0be5204-4ee0-4948-87b4-cc957b6f8953}</UniqueIdentifier>
    </Filter>
    <Filter Include="Resources\Files">
      <UniqueIdentifier>{c6877252-7f18-4c63-a2f7-66b1913d8ada}</UniqueIdentifier>
    </Filter>
    <Filter Include="3rdparty\catch">
      <UniqueIdentifier>{3e544acc-65a0-4558-8a31-8865c030e996}</UniqueIdentifier>
    </Filter>
  </ItemGroup>
  <ItemGroup>
    <ClCompile Include="3rdparty\toolwindowmanager\ToolWindowManager.cpp">
      <Filter>3rdparty\ToolWindowManager</Filter>
    </ClCompile>
    <ClCompile Include="3rdparty\toolwindowmanager\ToolWindowManagerArea.cpp">
      <Filter>3rdparty\ToolWindowManager</Filter>
    </ClCompile>
    <ClCompile Include="3rdparty\toolwindowmanager\ToolWindowManagerWrapper.cpp">
      <Filter>3rdparty\ToolWindowManager</Filter>
    </ClCompile>
    <ClCompile Include="3rdparty\flowlayout\FlowLayout.cpp">
      <Filter>3rdparty\FlowLayout</Filter>
    </ClCompile>
    <ClCompile Include="Code\qrenderdoc.cpp">
      <Filter>Code</Filter>
    </ClCompile>
    <ClCompile Include="Widgets\CustomPaintWidget.cpp">
      <Filter>Widgets</Filter>
    </ClCompile>
    <ClCompile Include="Windows\MainWindow.cpp">
      <Filter>Windows</Filter>
    </ClCompile>
    <ClCompile Include="Windows\TextureViewer.cpp">
      <Filter>Windows</Filter>
    </ClCompile>
    <ClCompile Include="Windows\EventBrowser.cpp">
      <Filter>Windows</Filter>
    </ClCompile>
    <ClCompile Include="Widgets\ResourcePreview.cpp">
      <Filter>Widgets</Filter>
    </ClCompile>
    <ClCompile Include="Widgets\ThumbnailStrip.cpp">
      <Filter>Widgets</Filter>
    </ClCompile>
    <ClCompile Include="Code\CaptureContext.cpp">
      <Filter>Code</Filter>
    </ClCompile>
    <ClCompile Include="Widgets\TextureGoto.cpp">
      <Filter>Widgets</Filter>
    </ClCompile>
    <ClCompile Include="Widgets\RangeHistogram.cpp">
      <Filter>Widgets</Filter>
    </ClCompile>
    <ClCompile Include="Widgets\Extended\RDDoubleSpinBox.cpp">
      <Filter>Widgets\Extended</Filter>
    </ClCompile>
    <ClCompile Include="Widgets\Extended\RDLabel.cpp">
      <Filter>Widgets\Extended</Filter>
    </ClCompile>
    <ClCompile Include="Widgets\Extended\RDLineEdit.cpp">
      <Filter>Widgets\Extended</Filter>
    </ClCompile>
    <ClCompile Include="Widgets\Extended\RDListView.cpp">
      <Filter>Widgets\Extended</Filter>
    </ClCompile>
    <ClCompile Include="Windows\Dialogs\AboutDialog.cpp">
      <Filter>Windows\Dialogs</Filter>
    </ClCompile>
    <ClCompile Include="Windows\Dialogs\AxisMappingDialog.cpp">
      <Filter>Windows\Dialogs</Filter>
    </ClCompile>
    <ClCompile Include="Windows\Dialogs\TextureSaveDialog.cpp">
      <Filter>Windows\Dialogs</Filter>
    </ClCompile>
    <ClCompile Include="Windows\Dialogs\TipsDialog.cpp">
      <Filter>Windows\Dialogs</Filter>
    </ClCompile>
    <ClCompile Include="Windows\Dialogs\CaptureDialog.cpp">
      <Filter>Windows\Dialogs</Filter>
    </ClCompile>
    <ClCompile Include="Code\QRDUtils.cpp">
      <Filter>Code</Filter>
    </ClCompile>
    <ClCompile Include="Code\qprocessinfo.cpp">
      <Filter>Code</Filter>
    </ClCompile>
    <ClCompile Include="Windows\Dialogs\LiveCapture.cpp">
      <Filter>Windows\Dialogs</Filter>
    </ClCompile>
    <ClCompile Include="Widgets\Extended\RDListWidget.cpp">
      <Filter>Widgets\Extended</Filter>
    </ClCompile>
    <ClCompile Include="Windows\APIInspector.cpp">
      <Filter>Windows</Filter>
    </ClCompile>
    <ClCompile Include="Windows\PipelineState\D3D11PipelineStateViewer.cpp">
      <Filter>Windows\PipelineState</Filter>
    </ClCompile>
    <ClCompile Include="Windows\PipelineState\D3D12PipelineStateViewer.cpp">
      <Filter>Windows\PipelineState</Filter>
    </ClCompile>
    <ClCompile Include="Windows\PipelineState\GLPipelineStateViewer.cpp">
      <Filter>Windows\PipelineState</Filter>
    </ClCompile>
    <ClCompile Include="Windows\PipelineState\PipelineStateViewer.cpp">
      <Filter>Windows\PipelineState</Filter>
    </ClCompile>
    <ClCompile Include="Windows\PipelineState\VulkanPipelineStateViewer.cpp">
      <Filter>Windows\PipelineState</Filter>
    </ClCompile>
    <ClCompile Include="Widgets\Extended\RDTreeWidget.cpp">
      <Filter>Widgets\Extended</Filter>
    </ClCompile>
    <ClCompile Include="Widgets\BufferFormatSpecifier.cpp">
      <Filter>Widgets</Filter>
    </ClCompile>
    <ClCompile Include="Windows\BufferViewer.cpp">
      <Filter>Windows</Filter>
    </ClCompile>
    <ClCompile Include="Widgets\Extended\RDTableView.cpp">
      <Filter>Widgets\Extended</Filter>
    </ClCompile>
    <ClCompile Include="3rdparty\scintilla\lexlib\Accessor.cxx">
      <Filter>3rdparty\Scintilla\lexlib</Filter>
    </ClCompile>
    <ClCompile Include="3rdparty\scintilla\lexlib\CharacterCategory.cxx">
      <Filter>3rdparty\Scintilla\lexlib</Filter>
    </ClCompile>
    <ClCompile Include="3rdparty\scintilla\lexlib\CharacterSet.cxx">
      <Filter>3rdparty\Scintilla\lexlib</Filter>
    </ClCompile>
    <ClCompile Include="3rdparty\scintilla\lexlib\LexerBase.cxx">
      <Filter>3rdparty\Scintilla\lexlib</Filter>
    </ClCompile>
    <ClCompile Include="3rdparty\scintilla\lexlib\LexerModule.cxx">
      <Filter>3rdparty\Scintilla\lexlib</Filter>
    </ClCompile>
    <ClCompile Include="3rdparty\scintilla\lexlib\LexerNoExceptions.cxx">
      <Filter>3rdparty\Scintilla\lexlib</Filter>
    </ClCompile>
    <ClCompile Include="3rdparty\scintilla\lexlib\LexerSimple.cxx">
      <Filter>3rdparty\Scintilla\lexlib</Filter>
    </ClCompile>
    <ClCompile Include="3rdparty\scintilla\lexlib\PropSetSimple.cxx">
      <Filter>3rdparty\Scintilla\lexlib</Filter>
    </ClCompile>
    <ClCompile Include="3rdparty\scintilla\lexlib\StyleContext.cxx">
      <Filter>3rdparty\Scintilla\lexlib</Filter>
    </ClCompile>
    <ClCompile Include="3rdparty\scintilla\lexlib\WordList.cxx">
      <Filter>3rdparty\Scintilla\lexlib</Filter>
    </ClCompile>
    <ClCompile Include="3rdparty\scintilla\lexers\LexCPP.cxx">
      <Filter>3rdparty\Scintilla\lexers</Filter>
    </ClCompile>
    <ClCompile Include="3rdparty\scintilla\lexers\LexDiff.cxx">
      <Filter>3rdparty\Scintilla\lexers</Filter>
    </ClCompile>
    <ClCompile Include="3rdparty\scintilla\lexers\LexErrorList.cxx">
      <Filter>3rdparty\Scintilla\lexers</Filter>
    </ClCompile>
    <ClCompile Include="3rdparty\scintilla\lexers\LexHTML.cxx">
      <Filter>3rdparty\Scintilla\lexers</Filter>
    </ClCompile>
    <ClCompile Include="3rdparty\scintilla\lexers\LexJSON.cxx">
      <Filter>3rdparty\Scintilla\lexers</Filter>
    </ClCompile>
    <ClCompile Include="3rdparty\scintilla\lexers\LexNull.cxx">
      <Filter>3rdparty\Scintilla\lexers</Filter>
    </ClCompile>
    <ClCompile Include="3rdparty\scintilla\lexers\LexPython.cxx">
      <Filter>3rdparty\Scintilla\lexers</Filter>
    </ClCompile>
    <ClCompile Include="3rdparty\scintilla\lexers\LexRust.cxx">
      <Filter>3rdparty\Scintilla\lexers</Filter>
    </ClCompile>
    <ClCompile Include="3rdparty\scintilla\qt\ScintillaEditBase\PlatQt.cpp">
      <Filter>3rdparty\Scintilla\qt\ScintillaEditBase</Filter>
    </ClCompile>
    <ClCompile Include="3rdparty\scintilla\qt\ScintillaEditBase\ScintillaEditBase.cpp">
      <Filter>3rdparty\Scintilla\qt\ScintillaEditBase</Filter>
    </ClCompile>
    <ClCompile Include="3rdparty\scintilla\qt\ScintillaEditBase\ScintillaQt.cpp">
      <Filter>3rdparty\Scintilla\qt\ScintillaEditBase</Filter>
    </ClCompile>
    <ClCompile Include="3rdparty\scintilla\qt\ScintillaEdit\ScintillaDocument.cpp">
      <Filter>3rdparty\Scintilla\qt\ScintillaEdit</Filter>
    </ClCompile>
    <ClCompile Include="3rdparty\scintilla\src\AutoComplete.cxx">
      <Filter>3rdparty\Scintilla\src</Filter>
    </ClCompile>
    <ClCompile Include="3rdparty\scintilla\src\CallTip.cxx">
      <Filter>3rdparty\Scintilla\src</Filter>
    </ClCompile>
    <ClCompile Include="3rdparty\scintilla\src\CaseConvert.cxx">
      <Filter>3rdparty\Scintilla\src</Filter>
    </ClCompile>
    <ClCompile Include="3rdparty\scintilla\src\CaseFolder.cxx">
      <Filter>3rdparty\Scintilla\src</Filter>
    </ClCompile>
    <ClCompile Include="3rdparty\scintilla\src\Catalogue.cxx">
      <Filter>3rdparty\Scintilla\src</Filter>
    </ClCompile>
    <ClCompile Include="3rdparty\scintilla\src\CellBuffer.cxx">
      <Filter>3rdparty\Scintilla\src</Filter>
    </ClCompile>
    <ClCompile Include="3rdparty\scintilla\src\CharClassify.cxx">
      <Filter>3rdparty\Scintilla\src</Filter>
    </ClCompile>
    <ClCompile Include="3rdparty\scintilla\src\ContractionState.cxx">
      <Filter>3rdparty\Scintilla\src</Filter>
    </ClCompile>
    <ClCompile Include="3rdparty\scintilla\src\Decoration.cxx">
      <Filter>3rdparty\Scintilla\src</Filter>
    </ClCompile>
    <ClCompile Include="3rdparty\scintilla\src\Document.cxx">
      <Filter>3rdparty\Scintilla\src</Filter>
    </ClCompile>
    <ClCompile Include="3rdparty\scintilla\src\EditModel.cxx">
      <Filter>3rdparty\Scintilla\src</Filter>
    </ClCompile>
    <ClCompile Include="3rdparty\scintilla\src\Editor.cxx">
      <Filter>3rdparty\Scintilla\src</Filter>
    </ClCompile>
    <ClCompile Include="3rdparty\scintilla\src\EditView.cxx">
      <Filter>3rdparty\Scintilla\src</Filter>
    </ClCompile>
    <ClCompile Include="3rdparty\scintilla\src\ExternalLexer.cxx">
      <Filter>3rdparty\Scintilla\src</Filter>
    </ClCompile>
    <ClCompile Include="3rdparty\scintilla\src\Indicator.cxx">
      <Filter>3rdparty\Scintilla\src</Filter>
    </ClCompile>
    <ClCompile Include="3rdparty\scintilla\src\KeyMap.cxx">
      <Filter>3rdparty\Scintilla\src</Filter>
    </ClCompile>
    <ClCompile Include="3rdparty\scintilla\src\LineMarker.cxx">
      <Filter>3rdparty\Scintilla\src</Filter>
    </ClCompile>
    <ClCompile Include="3rdparty\scintilla\src\MarginView.cxx">
      <Filter>3rdparty\Scintilla\src</Filter>
    </ClCompile>
    <ClCompile Include="3rdparty\scintilla\src\PerLine.cxx">
      <Filter>3rdparty\Scintilla\src</Filter>
    </ClCompile>
    <ClCompile Include="3rdparty\scintilla\src\PositionCache.cxx">
      <Filter>3rdparty\Scintilla\src</Filter>
    </ClCompile>
    <ClCompile Include="3rdparty\scintilla\src\RESearch.cxx">
      <Filter>3rdparty\Scintilla\src</Filter>
    </ClCompile>
    <ClCompile Include="3rdparty\scintilla\src\RunStyles.cxx">
      <Filter>3rdparty\Scintilla\src</Filter>
    </ClCompile>
    <ClCompile Include="3rdparty\scintilla\src\ScintillaBase.cxx">
      <Filter>3rdparty\Scintilla\src</Filter>
    </ClCompile>
    <ClCompile Include="3rdparty\scintilla\src\Selection.cxx">
      <Filter>3rdparty\Scintilla\src</Filter>
    </ClCompile>
    <ClCompile Include="3rdparty\scintilla\src\Style.cxx">
      <Filter>3rdparty\Scintilla\src</Filter>
    </ClCompile>
    <ClCompile Include="3rdparty\scintilla\src\UniConversion.cxx">
      <Filter>3rdparty\Scintilla\src</Filter>
    </ClCompile>
    <ClCompile Include="3rdparty\scintilla\src\ViewStyle.cxx">
      <Filter>3rdparty\Scintilla\src</Filter>
    </ClCompile>
    <ClCompile Include="3rdparty\scintilla\src\XPM.cxx">
      <Filter>3rdparty\Scintilla\src</Filter>
    </ClCompile>
    <ClCompile Include="3rdparty\scintilla\qt\ScintillaEdit\ScintillaEdit.cpp">
      <Filter>3rdparty\Scintilla\qt\ScintillaEdit</Filter>
    </ClCompile>
    <ClCompile Include="Windows\ShaderViewer.cpp">
      <Filter>Windows</Filter>
    </ClCompile>
    <ClCompile Include="Code\ScintillaSyntax.cpp">
      <Filter>Code</Filter>
    </ClCompile>
    <ClCompile Include="Windows\Dialogs\SettingsDialog.cpp">
      <Filter>Windows\Dialogs</Filter>
    </ClCompile>
    <ClCompile Include="Widgets\OrderedListEditor.cpp">
      <Filter>Widgets</Filter>
    </ClCompile>
    <ClCompile Include="Widgets\Extended\RDTableWidget.cpp">
      <Filter>Widgets\Extended</Filter>
    </ClCompile>
    <ClCompile Include="Windows\Dialogs\SuggestRemoteDialog.cpp">
      <Filter>Windows\Dialogs</Filter>
    </ClCompile>
    <ClCompile Include="Windows\Dialogs\VirtualFileDialog.cpp">
      <Filter>Windows\Dialogs</Filter>
    </ClCompile>
    <ClCompile Include="Windows\DebugMessageView.cpp">
      <Filter>Windows</Filter>
    </ClCompile>
    <ClCompile Include="Windows\CommentView.cpp">
      <Filter>Windows</Filter>
    </ClCompile>
    <ClCompile Include="Windows\DescriptorViewer.cpp">
      <Filter>Windows</Filter>
    </ClCompile>
    <ClCompile Include="Windows\StatisticsViewer.cpp">
      <Filter>Windows</Filter>
    </ClCompile>
    <ClCompile Include="Windows\Dialogs\RemoteManager.cpp">
      <Filter>Windows\Dialogs</Filter>
    </ClCompile>
    <ClCompile Include="Windows\PixelHistoryView.cpp">
      <Filter>Windows</Filter>
    </ClCompile>
    <ClCompile Include="Widgets\Extended\RDTreeView.cpp">
      <Filter>Widgets\Extended</Filter>
    </ClCompile>
    <ClCompile Include="Code\Resources.cpp">
      <Filter>Code</Filter>
    </ClCompile>
    <ClCompile Include="Widgets\PipelineFlowChart.cpp">
      <Filter>Widgets</Filter>
    </ClCompile>
    <ClCompile Include="$(IntDir)generated\moc_AboutDialog.cpp">
      <Filter>Generated Files</Filter>
    </ClCompile>
    <ClCompile Include="$(IntDir)generated\moc_APIInspector.cpp">
      <Filter>Generated Files</Filter>
    </ClCompile>
    <ClCompile Include="$(IntDir)generated\moc_AxisMappingDialog.cpp">
      <Filter>Generated Files</Filter>
    </ClCompile>
    <ClCompile Include="$(IntDir)generated\moc_BufferFormatSpecifier.cpp">
      <Filter>Generated Files</Filter>
    </ClCompile>
    <ClCompile Include="$(IntDir)generated\moc_BufferViewer.cpp">
      <Filter>Generated Files</Filter>
    </ClCompile>
    <ClCompile Include="$(IntDir)generated\moc_CaptureDialog.cpp">
      <Filter>Generated Files</Filter>
    </ClCompile>
    <ClCompile Include="$(IntDir)generated\moc_ComputeDebugSelector.cpp">
      <Filter>Generated Files</Filter>
    </ClCompile>
    <ClCompile Include="$(IntDir)generated\moc_CustomPaintWidget.cpp">
      <Filter>Generated Files</Filter>
    </ClCompile>
    <ClCompile Include="$(IntDir)generated\moc_D3D11PipelineStateViewer.cpp">
      <Filter>Generated Files</Filter>
    </ClCompile>
    <ClCompile Include="$(IntDir)generated\moc_D3D12PipelineStateViewer.cpp">
      <Filter>Generated Files</Filter>
    </ClCompile>
    <ClCompile Include="$(IntDir)generated\moc_DebugMessageView.cpp">
      <Filter>Generated Files</Filter>
    </ClCompile>
    <ClCompile Include="$(IntDir)generated\moc_CommentView.cpp">
      <Filter>Generated Files</Filter>
    </ClCompile>
    <ClCompile Include="$(IntDir)generated\moc_DescriptorViewer.cpp">
      <Filter>Generated Files</Filter>
    </ClCompile>
    <ClCompile Include="$(IntDir)generated\moc_EventBrowser.cpp">
      <Filter>Generated Files</Filter>
    </ClCompile>
    <ClCompile Include="$(IntDir)generated\moc_GLPipelineStateViewer.cpp">
      <Filter>Generated Files</Filter>
    </ClCompile>
    <ClCompile Include="$(IntDir)generated\moc_LiveCapture.cpp">
      <Filter>Generated Files</Filter>
    </ClCompile>
    <ClCompile Include="$(IntDir)generated\moc_MainWindow.cpp">
      <Filter>Generated Files</Filter>
    </ClCompile>
    <ClCompile Include="$(IntDir)generated\moc_OrderedListEditor.cpp">
      <Filter>Generated Files</Filter>
    </ClCompile>
    <ClCompile Include="$(IntDir)generated\moc_PipelineFlowChart.cpp">
      <Filter>Generated Files</Filter>
    </ClCompile>
    <ClCompile Include="$(IntDir)generated\moc_PipelineStateViewer.cpp">
      <Filter>Generated Files</Filter>
    </ClCompile>
    <ClCompile Include="$(IntDir)generated\moc_PixelHistoryView.cpp">
      <Filter>Generated Files</Filter>
    </ClCompile>
    <ClCompile Include="$(IntDir)generated\moc_QRDUtils.cpp">
      <Filter>Generated Files</Filter>
    </ClCompile>
    <ClCompile Include="$(IntDir)generated\moc_RangeHistogram.cpp">
      <Filter>Generated Files</Filter>
    </ClCompile>
    <ClCompile Include="$(IntDir)generated\moc_RDDoubleSpinBox.cpp">
      <Filter>Generated Files</Filter>
    </ClCompile>
    <ClCompile Include="$(IntDir)generated\moc_RDLabel.cpp">
      <Filter>Generated Files</Filter>
    </ClCompile>
    <ClCompile Include="$(IntDir)generated\moc_RDLineEdit.cpp">
      <Filter>Generated Files</Filter>
    </ClCompile>
    <ClCompile Include="$(IntDir)generated\moc_RDListView.cpp">
      <Filter>Generated Files</Filter>
    </ClCompile>
    <ClCompile Include="$(IntDir)generated\moc_RDListWidget.cpp">
      <Filter>Generated Files</Filter>
    </ClCompile>
    <ClCompile Include="$(IntDir)generated\moc_RDTableView.cpp">
      <Filter>Generated Files</Filter>
    </ClCompile>
    <ClCompile Include="$(IntDir)generated\moc_RDTableWidget.cpp">
      <Filter>Generated Files</Filter>
    </ClCompile>
    <ClCompile Include="$(IntDir)generated\moc_RDTreeView.cpp">
      <Filter>Generated Files</Filter>
    </ClCompile>
    <ClCompile Include="$(IntDir)generated\moc_RDTreeWidget.cpp">
      <Filter>Generated Files</Filter>
    </ClCompile>
    <ClCompile Include="$(IntDir)generated\moc_RemoteManager.cpp">
      <Filter>Generated Files</Filter>
    </ClCompile>
    <ClCompile Include="$(IntDir)generated\moc_ResourcePreview.cpp">
      <Filter>Generated Files</Filter>
    </ClCompile>
    <ClCompile Include="$(IntDir)generated\moc_ScintillaDocument.cpp">
      <Filter>Generated Files</Filter>
    </ClCompile>
    <ClCompile Include="$(IntDir)generated\moc_ScintillaEdit.cpp">
      <Filter>Generated Files</Filter>
    </ClCompile>
    <ClCompile Include="$(IntDir)generated\moc_ScintillaEditBase.cpp">
      <Filter>Generated Files</Filter>
    </ClCompile>
    <ClCompile Include="$(IntDir)generated\moc_ScintillaQt.cpp">
      <Filter>Generated Files</Filter>
    </ClCompile>
    <ClCompile Include="$(IntDir)generated\moc_SettingsDialog.cpp">
      <Filter>Generated Files</Filter>
    </ClCompile>
    <ClCompile Include="$(IntDir)generated\moc_ShaderViewer.cpp">
      <Filter>Generated Files</Filter>
    </ClCompile>
    <ClCompile Include="$(IntDir)generated\moc_StatisticsViewer.cpp">
      <Filter>Generated Files</Filter>
    </ClCompile>
    <ClCompile Include="$(IntDir)generated\moc_SuggestRemoteDialog.cpp">
      <Filter>Generated Files</Filter>
    </ClCompile>
    <ClCompile Include="$(IntDir)generated\moc_TextureGoto.cpp">
      <Filter>Generated Files</Filter>
    </ClCompile>
    <ClCompile Include="$(IntDir)generated\moc_TextureSaveDialog.cpp">
      <Filter>Generated Files</Filter>
    </ClCompile>
    <ClCompile Include="$(IntDir)generated\moc_TipsDialog.cpp">
      <Filter>Generated Files</Filter>
    </ClCompile>
    <ClCompile Include="$(IntDir)generated\moc_TextureViewer.cpp">
      <Filter>Generated Files</Filter>
    </ClCompile>
    <ClCompile Include="$(IntDir)generated\moc_ThumbnailStrip.cpp">
      <Filter>Generated Files</Filter>
    </ClCompile>
    <ClCompile Include="$(IntDir)generated\moc_ToolWindowManager.cpp">
      <Filter>Generated Files</Filter>
    </ClCompile>
    <ClCompile Include="$(IntDir)generated\moc_ToolWindowManagerArea.cpp">
      <Filter>Generated Files</Filter>
    </ClCompile>
    <ClCompile Include="$(IntDir)generated\moc_ToolWindowManagerWrapper.cpp">
      <Filter>Generated Files</Filter>
    </ClCompile>
    <ClCompile Include="$(IntDir)generated\moc_VirtualFileDialog.cpp">
      <Filter>Generated Files</Filter>
    </ClCompile>
    <ClCompile Include="$(IntDir)generated\moc_VulkanPipelineStateViewer.cpp">
      <Filter>Generated Files</Filter>
    </ClCompile>
    <ClCompile Include="$(IntDir)generated\qrc_resources.cpp">
      <Filter>Generated Files</Filter>
    </ClCompile>
    <ClCompile Include="$(IntDir)generated\moc_EnvironmentEditor.cpp">
      <Filter>Generated Files</Filter>
    </ClCompile>
    <ClCompile Include="$(IntDir)generated\renderdoc_python.cxx">
      <Filter>Generated Files</Filter>
    </ClCompile>
    <ClCompile Include="Windows\Dialogs\EnvironmentEditor.cpp">
      <Filter>Windows\Dialogs</Filter>
    </ClCompile>
    <ClCompile Include="Widgets\FindReplace.cpp">
      <Filter>Widgets</Filter>
    </ClCompile>
    <ClCompile Include="$(IntDir)generated\moc_FindReplace.cpp">
      <Filter>Generated Files</Filter>
    </ClCompile>
    <ClCompile Include="$(IntDir)generated\moc_RDSplitter.cpp">
      <Filter>Generated Files</Filter>
    </ClCompile>
    <ClCompile Include="Widgets\Extended\RDSplitter.cpp">
      <Filter>Widgets\Extended</Filter>
    </ClCompile>
    <ClCompile Include="Code\pyrenderdoc\PythonContext.cpp">
      <Filter>Code\pyrenderdoc</Filter>
    </ClCompile>
    <ClCompile Include="$(IntDir)generated\qrenderdoc_python.cxx">
      <Filter>Generated Files</Filter>
    </ClCompile>
    <ClCompile Include="$(IntDir)generated\moc_PythonContext.cpp">
      <Filter>Generated Files</Filter>
    </ClCompile>
    <ClCompile Include="Code\Interface\PersistantConfig.cpp">
      <Filter>Code\Interface</Filter>
    </ClCompile>
    <ClCompile Include="Code\Interface\RemoteHost.cpp">
      <Filter>Code\Interface</Filter>
    </ClCompile>
    <ClCompile Include="Code\Interface\QRDInterface.cpp">
      <Filter>Code\Interface</Filter>
    </ClCompile>
    <ClCompile Include="Code\ReplayManager.cpp">
      <Filter>Code</Filter>
    </ClCompile>
    <ClCompile Include="$(IntDir)generated\moc_PythonShell.cpp">
      <Filter>Generated Files</Filter>
    </ClCompile>
    <ClCompile Include="Windows\PythonShell.cpp">
      <Filter>Windows</Filter>
    </ClCompile>
    <ClCompile Include="Widgets\Extended\RDTextEdit.cpp">
      <Filter>Widgets\Extended</Filter>
    </ClCompile>
    <ClCompile Include="$(IntDir)generated\moc_RDTextEdit.cpp">
      <Filter>Generated Files</Filter>
    </ClCompile>
    <ClCompile Include="Code\precompiled.cpp">
      <Filter>PCH</Filter>
    </ClCompile>
    <ClCompile Include="Widgets\Extended\RDToolButton.cpp">
      <Filter>Widgets\Extended</Filter>
    </ClCompile>
    <ClCompile Include="$(IntDir)generated\moc_RDToolButton.cpp">
      <Filter>Generated Files</Filter>
    </ClCompile>
    <ClCompile Include="$(IntDir)generated\moc_ToolWindowManagerTabBar.cpp">
      <Filter>Generated Files</Filter>
    </ClCompile>
    <ClCompile Include="3rdparty\toolwindowmanager\ToolWindowManagerTabBar.cpp">
      <Filter>3rdparty\ToolWindowManager</Filter>
    </ClCompile>
    <ClCompile Include="3rdparty\toolwindowmanager\ToolWindowManagerSplitter.cpp">
      <Filter>3rdparty\ToolWindowManager</Filter>
    </ClCompile>
    <ClCompile Include="$(IntDir)generated\moc_ToolWindowManagerSplitter.cpp">
      <Filter>Generated Files</Filter>
    </ClCompile>
    <ClCompile Include="$(IntDir)generated\moc_RDHeaderView.cpp">
      <Filter>Generated Files</Filter>
    </ClCompile>
    <ClCompile Include="Widgets\Extended\RDHeaderView.cpp">
      <Filter>Widgets\Extended</Filter>
    </ClCompile>
    <ClCompile Include="$(IntDir)generated\qrc_qtconf.cpp">
      <Filter>Generated Files</Filter>
    </ClCompile>
    <ClCompile Include="Windows\TimelineBar.cpp">
      <Filter>Windows</Filter>
    </ClCompile>
    <ClCompile Include="$(IntDir)generated\moc_TimelineBar.cpp">
      <Filter>Generated Files</Filter>
    </ClCompile>
    <ClCompile Include="Styles\RDStyle\RDStyle.cpp">
      <Filter>Styles\RDStyle</Filter>
    </ClCompile>
    <ClCompile Include="$(IntDir)generated\moc_RDStyle.cpp">
      <Filter>Generated Files</Filter>
    </ClCompile>
    <ClCompile Include="$(IntDir)generated\moc_RDTweakedNativeStyle.cpp">
      <Filter>Generated Files</Filter>
    </ClCompile>
    <ClCompile Include="Styles\RDTweakedNativeStyle\RDTweakedNativeStyle.cpp">
      <Filter>Styles\RDTweakedNativeStyle</Filter>
    </ClCompile>
    <ClCompile Include="Styles\StyleData.cpp">
      <Filter>Styles</Filter>
    </ClCompile>
    <ClCompile Include="Windows\Dialogs\PerformanceCounterSelection.cpp">
      <Filter>Windows\Dialogs</Filter>
    </ClCompile>
    <ClCompile Include="Windows\PerformanceCounterViewer.cpp">
      <Filter>Windows</Filter>
    </ClCompile>
    <ClCompile Include="$(IntDir)generated\moc_PerformanceCounterSelection.cpp">
      <Filter>Generated Files</Filter>
    </ClCompile>
    <ClCompile Include="$(IntDir)generated\moc_PerformanceCounterViewer.cpp">
      <Filter>Generated Files</Filter>
    </ClCompile>
    <ClCompile Include="$(IntDir)generated\moc_ResourceInspector.cpp">
      <Filter>Generated Files</Filter>
    </ClCompile>
    <ClCompile Include="Windows\ResourceInspector.cpp">
      <Filter>Windows</Filter>
    </ClCompile>
    <ClCompile Include="$(IntDir)generated\moc_AnalyticsConfirmDialog.cpp">
      <Filter>Generated Files</Filter>
    </ClCompile>
    <ClCompile Include="Windows\Dialogs\AnalyticsConfirmDialog.cpp">
      <Filter>Windows\Dialogs</Filter>
    </ClCompile>
    <ClCompile Include="$(IntDir)generated\moc_AnalyticsPromptDialog.cpp">
      <Filter>Generated Files</Filter>
    </ClCompile>
    <ClCompile Include="Windows\Dialogs\AnalyticsPromptDialog.cpp">
      <Filter>Windows\Dialogs</Filter>
    </ClCompile>
    <ClCompile Include="Code\Interface\Analytics.cpp">
      <Filter>Code\Interface</Filter>
    </ClCompile>
    <ClCompile Include="$(IntDir)generated\moc_CrashDialog.cpp">
      <Filter>Generated Files</Filter>
    </ClCompile>
    <ClCompile Include="Windows\Dialogs\CrashDialog.cpp">
      <Filter>Windows\Dialogs</Filter>
    </ClCompile>
    <ClCompile Include="$(IntDir)generated\moc_UpdateDialog.cpp">
      <Filter>Generated Files</Filter>
    </ClCompile>
    <ClCompile Include="Windows\Dialogs\UpdateDialog.cpp">
      <Filter>Windows\Dialogs</Filter>
    </ClCompile>
    <ClCompile Include="Widgets\CollapseGroupBox.cpp">
      <Filter>Widgets</Filter>
    </ClCompile>
    <ClCompile Include="Code\RGPInterop.cpp">
      <Filter>Code</Filter>
    </ClCompile>
    <ClCompile Include="$(IntDir)generated\moc_CollapseGroupBox.cpp">
      <Filter>Generated Files</Filter>
    </ClCompile>
    <ClCompile Include="Code\Interface\ShaderProcessingTool.cpp">
      <Filter>Code\Interface</Filter>
    </ClCompile>
    <ClCompile Include="$(IntDir)generated\moc_ExtensionManager.cpp">
      <Filter>Generated Files</Filter>
    </ClCompile>
    <ClCompile Include="Windows\Dialogs\ExtensionManager.cpp">
      <Filter>Windows\Dialogs</Filter>
    </ClCompile>
    <ClCompile Include="Windows\LogView.cpp">
      <Filter>Windows</Filter>
    </ClCompile>
    <ClCompile Include="$(IntDir)generated\moc_LogView.cpp">
      <Filter>Generated Files</Filter>
    </ClCompile>
    <ClCompile Include="Widgets\ReplayOptionsSelector.cpp">
      <Filter>Widgets</Filter>
    </ClCompile>
    <ClCompile Include="$(IntDir)generated\moc_ReplayOptionsSelector.cpp">
      <Filter>Generated Files</Filter>
    </ClCompile>
    <ClCompile Include="Code\BufferFormatter.cpp">
      <Filter>Code</Filter>
    </ClCompile>
    <ClCompile Include="$(IntDir)generated\moc_ConfigEditor.cpp">
      <Filter>Generated Files</Filter>
    </ClCompile>
    <ClCompile Include="Windows\Dialogs\ConfigEditor.cpp">
      <Filter>Windows\Dialogs</Filter>
    </ClCompile>
    <ClCompile Include="Widgets\Extended\RDMenu.cpp">
      <Filter>Widgets\Extended</Filter>
    </ClCompile>
    <ClCompile Include="$(IntDir)generated\moc_RDMenu.cpp">
      <Filter>Generated Files</Filter>
    </ClCompile>
    <ClCompile Include="Code\MiniQtHelper.cpp">
      <Filter>Code</Filter>
    </ClCompile>
    <ClCompile Include="$(IntDir)generated\moc_ShaderMessageViewer.cpp">
      <Filter>Generated Files</Filter>
    </ClCompile>
    <ClCompile Include="Windows\ShaderMessageViewer.cpp">
      <Filter>Windows</Filter>
    </ClCompile>
    <ClCompile Include="$(IntDir)generated\moc_MarkerBreadcrumbs.cpp">
      <Filter>Generated Files</Filter>
    </ClCompile>
    <ClCompile Include="Widgets\MarkerBreadcrumbs.cpp">
      <Filter>Widgets</Filter>
    </ClCompile>
    <ClCompile Include="Widgets\ComputeDebugSelector.cpp">
      <Filter>Widgets</Filter>
    </ClCompile>
  </ItemGroup>
  <ItemGroup>
    <ClInclude Include="3rdparty\flowlayout\FlowLayout.h">
      <Filter>3rdparty\FlowLayout</Filter>
    </ClInclude>
    <ClInclude Include="Code\CaptureContext.h">
      <Filter>Code</Filter>
    </ClInclude>
    <ClInclude Include="Code\qprocessinfo.h">
      <Filter>Code</Filter>
    </ClInclude>
    <ClInclude Include="3rdparty\scintilla\lexlib\Accessor.h">
      <Filter>3rdparty\Scintilla\lexlib</Filter>
    </ClInclude>
    <ClInclude Include="3rdparty\scintilla\lexlib\CharacterCategory.h">
      <Filter>3rdparty\Scintilla\lexlib</Filter>
    </ClInclude>
    <ClInclude Include="3rdparty\scintilla\lexlib\CharacterSet.h">
      <Filter>3rdparty\Scintilla\lexlib</Filter>
    </ClInclude>
    <ClInclude Include="3rdparty\scintilla\lexlib\LexAccessor.h">
      <Filter>3rdparty\Scintilla\lexlib</Filter>
    </ClInclude>
    <ClInclude Include="3rdparty\scintilla\lexlib\LexerBase.h">
      <Filter>3rdparty\Scintilla\lexlib</Filter>
    </ClInclude>
    <ClInclude Include="3rdparty\scintilla\lexlib\LexerModule.h">
      <Filter>3rdparty\Scintilla\lexlib</Filter>
    </ClInclude>
    <ClInclude Include="3rdparty\scintilla\lexlib\LexerNoExceptions.h">
      <Filter>3rdparty\Scintilla\lexlib</Filter>
    </ClInclude>
    <ClInclude Include="3rdparty\scintilla\lexlib\LexerSimple.h">
      <Filter>3rdparty\Scintilla\lexlib</Filter>
    </ClInclude>
    <ClInclude Include="3rdparty\scintilla\lexlib\OptionSet.h">
      <Filter>3rdparty\Scintilla\lexlib</Filter>
    </ClInclude>
    <ClInclude Include="3rdparty\scintilla\lexlib\PropSetSimple.h">
      <Filter>3rdparty\Scintilla\lexlib</Filter>
    </ClInclude>
    <ClInclude Include="3rdparty\scintilla\lexlib\SparseState.h">
      <Filter>3rdparty\Scintilla\lexlib</Filter>
    </ClInclude>
    <ClInclude Include="3rdparty\scintilla\lexlib\StringCopy.h">
      <Filter>3rdparty\Scintilla\lexlib</Filter>
    </ClInclude>
    <ClInclude Include="3rdparty\scintilla\lexlib\StyleContext.h">
      <Filter>3rdparty\Scintilla\lexlib</Filter>
    </ClInclude>
    <ClInclude Include="3rdparty\scintilla\lexlib\SubStyles.h">
      <Filter>3rdparty\Scintilla\lexlib</Filter>
    </ClInclude>
    <ClInclude Include="3rdparty\scintilla\lexlib\WordList.h">
      <Filter>3rdparty\Scintilla\lexlib</Filter>
    </ClInclude>
    <ClInclude Include="3rdparty\scintilla\include\qt\ScintillaDocument.h">
      <Filter>3rdparty\Scintilla\include\qt</Filter>
    </ClInclude>
    <ClInclude Include="3rdparty\scintilla\include\qt\ScintillaEdit.h">
      <Filter>3rdparty\Scintilla\include\qt</Filter>
    </ClInclude>
    <ClInclude Include="3rdparty\scintilla\include\qt\ScintillaEditBase.h">
      <Filter>3rdparty\Scintilla\include\qt</Filter>
    </ClInclude>
    <ClInclude Include="3rdparty\scintilla\include\ILexer.h">
      <Filter>3rdparty\Scintilla\include</Filter>
    </ClInclude>
    <ClInclude Include="3rdparty\scintilla\include\Platform.h">
      <Filter>3rdparty\Scintilla\include</Filter>
    </ClInclude>
    <ClInclude Include="3rdparty\scintilla\include\Sci_Position.h">
      <Filter>3rdparty\Scintilla\include</Filter>
    </ClInclude>
    <ClInclude Include="3rdparty\scintilla\include\SciLexer.h">
      <Filter>3rdparty\Scintilla\include</Filter>
    </ClInclude>
    <ClInclude Include="3rdparty\scintilla\include\Scintilla.h">
      <Filter>3rdparty\Scintilla\include</Filter>
    </ClInclude>
    <ClInclude Include="3rdparty\scintilla\include\ScintillaWidget.h">
      <Filter>3rdparty\Scintilla\include</Filter>
    </ClInclude>
    <ClInclude Include="3rdparty\scintilla\qt\ScintillaEditBase\PlatQt.h">
      <Filter>3rdparty\Scintilla\qt\ScintillaEditBase</Filter>
    </ClInclude>
    <ClInclude Include="3rdparty\scintilla\src\AutoComplete.h">
      <Filter>3rdparty\Scintilla\src</Filter>
    </ClInclude>
    <ClInclude Include="3rdparty\scintilla\src\CallTip.h">
      <Filter>3rdparty\Scintilla\src</Filter>
    </ClInclude>
    <ClInclude Include="3rdparty\scintilla\src\CaseConvert.h">
      <Filter>3rdparty\Scintilla\src</Filter>
    </ClInclude>
    <ClInclude Include="3rdparty\scintilla\src\CaseFolder.h">
      <Filter>3rdparty\Scintilla\src</Filter>
    </ClInclude>
    <ClInclude Include="3rdparty\scintilla\src\Catalogue.h">
      <Filter>3rdparty\Scintilla\src</Filter>
    </ClInclude>
    <ClInclude Include="3rdparty\scintilla\src\CellBuffer.h">
      <Filter>3rdparty\Scintilla\src</Filter>
    </ClInclude>
    <ClInclude Include="3rdparty\scintilla\src\CharClassify.h">
      <Filter>3rdparty\Scintilla\src</Filter>
    </ClInclude>
    <ClInclude Include="3rdparty\scintilla\src\ContractionState.h">
      <Filter>3rdparty\Scintilla\src</Filter>
    </ClInclude>
    <ClInclude Include="3rdparty\scintilla\src\Decoration.h">
      <Filter>3rdparty\Scintilla\src</Filter>
    </ClInclude>
    <ClInclude Include="3rdparty\scintilla\src\Document.h">
      <Filter>3rdparty\Scintilla\src</Filter>
    </ClInclude>
    <ClInclude Include="3rdparty\scintilla\src\EditModel.h">
      <Filter>3rdparty\Scintilla\src</Filter>
    </ClInclude>
    <ClInclude Include="3rdparty\scintilla\src\Editor.h">
      <Filter>3rdparty\Scintilla\src</Filter>
    </ClInclude>
    <ClInclude Include="3rdparty\scintilla\src\EditView.h">
      <Filter>3rdparty\Scintilla\src</Filter>
    </ClInclude>
    <ClInclude Include="3rdparty\scintilla\src\ExternalLexer.h">
      <Filter>3rdparty\Scintilla\src</Filter>
    </ClInclude>
    <ClInclude Include="3rdparty\scintilla\src\FontQuality.h">
      <Filter>3rdparty\Scintilla\src</Filter>
    </ClInclude>
    <ClInclude Include="3rdparty\scintilla\src\Indicator.h">
      <Filter>3rdparty\Scintilla\src</Filter>
    </ClInclude>
    <ClInclude Include="3rdparty\scintilla\src\KeyMap.h">
      <Filter>3rdparty\Scintilla\src</Filter>
    </ClInclude>
    <ClInclude Include="3rdparty\scintilla\src\LineMarker.h">
      <Filter>3rdparty\Scintilla\src</Filter>
    </ClInclude>
    <ClInclude Include="3rdparty\scintilla\src\MarginView.h">
      <Filter>3rdparty\Scintilla\src</Filter>
    </ClInclude>
    <ClInclude Include="3rdparty\scintilla\src\Partitioning.h">
      <Filter>3rdparty\Scintilla\src</Filter>
    </ClInclude>
    <ClInclude Include="3rdparty\scintilla\src\PerLine.h">
      <Filter>3rdparty\Scintilla\src</Filter>
    </ClInclude>
    <ClInclude Include="3rdparty\scintilla\src\Position.h">
      <Filter>3rdparty\Scintilla\src</Filter>
    </ClInclude>
    <ClInclude Include="3rdparty\scintilla\src\PositionCache.h">
      <Filter>3rdparty\Scintilla\src</Filter>
    </ClInclude>
    <ClInclude Include="3rdparty\scintilla\src\RESearch.h">
      <Filter>3rdparty\Scintilla\src</Filter>
    </ClInclude>
    <ClInclude Include="3rdparty\scintilla\src\RunStyles.h">
      <Filter>3rdparty\Scintilla\src</Filter>
    </ClInclude>
    <ClInclude Include="3rdparty\scintilla\src\ScintillaBase.h">
      <Filter>3rdparty\Scintilla\src</Filter>
    </ClInclude>
    <ClInclude Include="3rdparty\scintilla\src\Selection.h">
      <Filter>3rdparty\Scintilla\src</Filter>
    </ClInclude>
    <ClInclude Include="3rdparty\scintilla\src\SparseVector.h">
      <Filter>3rdparty\Scintilla\src</Filter>
    </ClInclude>
    <ClInclude Include="3rdparty\scintilla\src\SplitVector.h">
      <Filter>3rdparty\Scintilla\src</Filter>
    </ClInclude>
    <ClInclude Include="3rdparty\scintilla\src\Style.h">
      <Filter>3rdparty\Scintilla\src</Filter>
    </ClInclude>
    <ClInclude Include="3rdparty\scintilla\src\UnicodeFromUTF8.h">
      <Filter>3rdparty\Scintilla\src</Filter>
    </ClInclude>
    <ClInclude Include="3rdparty\scintilla\src\UniConversion.h">
      <Filter>3rdparty\Scintilla\src</Filter>
    </ClInclude>
    <ClInclude Include="3rdparty\scintilla\src\ViewStyle.h">
      <Filter>3rdparty\Scintilla\src</Filter>
    </ClInclude>
    <ClInclude Include="3rdparty\scintilla\src\XPM.h">
      <Filter>3rdparty\Scintilla\src</Filter>
    </ClInclude>
    <ClInclude Include="Code\ScintillaSyntax.h">
      <Filter>Code</Filter>
    </ClInclude>
    <ClInclude Include="Code\Resources.h">
      <Filter>Code</Filter>
    </ClInclude>
    <ClInclude Include="$(IntDir)generated\ui_AboutDialog.h">
      <Filter>Generated Files</Filter>
    </ClInclude>
    <ClInclude Include="$(IntDir)generated\ui_APIInspector.h">
      <Filter>Generated Files</Filter>
    </ClInclude>
    <ClInclude Include="$(IntDir)generated\ui_AxisMappingDialog.h">
      <Filter>Generated Files</Filter>
    </ClInclude>
    <ClInclude Include="$(IntDir)generated\ui_BufferFormatSpecifier.h">
      <Filter>Generated Files</Filter>
    </ClInclude>
    <ClInclude Include="$(IntDir)generated\ui_BufferViewer.h">
      <Filter>Generated Files</Filter>
    </ClInclude>
    <ClInclude Include="$(IntDir)generated\ui_CaptureDialog.h">
      <Filter>Generated Files</Filter>
    </ClInclude>
    <ClInclude Include="$(IntDir)generated\ui_ComputeDebugSelector.h">
      <Filter>Generated Files</Filter>
    </ClInclude>
    <ClInclude Include="$(IntDir)generated\ui_D3D11PipelineStateViewer.h">
      <Filter>Generated Files</Filter>
    </ClInclude>
    <ClInclude Include="$(IntDir)generated\ui_D3D12PipelineStateViewer.h">
      <Filter>Generated Files</Filter>
    </ClInclude>
    <ClInclude Include="$(IntDir)generated\ui_DebugMessageView.h">
      <Filter>Generated Files</Filter>
    </ClInclude>
    <ClInclude Include="$(IntDir)generated\ui_CommentView.h">
      <Filter>Generated Files</Filter>
    </ClInclude>
    <ClInclude Include="$(IntDir)generated\ui_DescriptorViewer.h">
      <Filter>Generated Files</Filter>
    </ClInclude>
    <ClInclude Include="$(IntDir)generated\ui_EnvironmentEditor.h">
      <Filter>Generated Files</Filter>
    </ClInclude>
    <ClInclude Include="$(IntDir)generated\ui_EventBrowser.h">
      <Filter>Generated Files</Filter>
    </ClInclude>
    <ClInclude Include="$(IntDir)generated\ui_GLPipelineStateViewer.h">
      <Filter>Generated Files</Filter>
    </ClInclude>
    <ClInclude Include="$(IntDir)generated\ui_LiveCapture.h">
      <Filter>Generated Files</Filter>
    </ClInclude>
    <ClInclude Include="$(IntDir)generated\ui_MainWindow.h">
      <Filter>Generated Files</Filter>
    </ClInclude>
    <ClInclude Include="$(IntDir)generated\ui_PipelineStateViewer.h">
      <Filter>Generated Files</Filter>
    </ClInclude>
    <ClInclude Include="$(IntDir)generated\ui_PixelHistoryView.h">
      <Filter>Generated Files</Filter>
    </ClInclude>
    <ClInclude Include="$(IntDir)generated\ui_RemoteManager.h">
      <Filter>Generated Files</Filter>
    </ClInclude>
    <ClInclude Include="$(IntDir)generated\ui_ResourcePreview.h">
      <Filter>Generated Files</Filter>
    </ClInclude>
    <ClInclude Include="$(IntDir)generated\ui_SettingsDialog.h">
      <Filter>Generated Files</Filter>
    </ClInclude>
    <ClInclude Include="$(IntDir)generated\ui_ShaderViewer.h">
      <Filter>Generated Files</Filter>
    </ClInclude>
    <ClInclude Include="$(IntDir)generated\ui_StatisticsViewer.h">
      <Filter>Generated Files</Filter>
    </ClInclude>
    <ClInclude Include="$(IntDir)generated\ui_SuggestRemoteDialog.h">
      <Filter>Generated Files</Filter>
    </ClInclude>
    <ClInclude Include="$(IntDir)generated\ui_TextureSaveDialog.h">
      <Filter>Generated Files</Filter>
    </ClInclude>
    <ClInclude Include="$(IntDir)generated\ui_TipsDialog.h">
      <Filter>Generated Files</Filter>
    </ClInclude>
    <ClInclude Include="$(IntDir)generated\ui_TextureViewer.h">
      <Filter>Generated Files</Filter>
    </ClInclude>
    <ClInclude Include="$(IntDir)generated\ui_ThumbnailStrip.h">
      <Filter>Generated Files</Filter>
    </ClInclude>
    <ClInclude Include="$(IntDir)generated\ui_VirtualFileDialog.h">
      <Filter>Generated Files</Filter>
    </ClInclude>
    <ClInclude Include="$(IntDir)generated\ui_VulkanPipelineStateViewer.h">
      <Filter>Generated Files</Filter>
    </ClInclude>
    <ClInclude Include="$(IntDir)generated\ui_FindReplace.h">
      <Filter>Generated Files</Filter>
    </ClInclude>
    <ClInclude Include="Code\Interface\PersistantConfig.h">
      <Filter>Code\Interface</Filter>
    </ClInclude>
    <ClInclude Include="Code\Interface\RemoteHost.h">
      <Filter>Code\Interface</Filter>
    </ClInclude>
    <ClInclude Include="Code\Interface\QRDInterface.h">
      <Filter>Code\Interface</Filter>
    </ClInclude>
    <ClInclude Include="Code\ReplayManager.h">
      <Filter>Code</Filter>
    </ClInclude>
    <ClInclude Include="$(IntDir)generated\ui_PythonShell.h">
      <Filter>Generated Files</Filter>
    </ClInclude>
    <ClInclude Include="Code\precompiled.h">
      <Filter>PCH</Filter>
    </ClInclude>
    <ClInclude Include="Styles\StyleData.h">
      <Filter>Styles</Filter>
    </ClInclude>
    <ClInclude Include="$(IntDir)generated\ui_PerformanceCounterSelection.h">
      <Filter>Generated Files</Filter>
    </ClInclude>
    <ClInclude Include="$(IntDir)generated\ui_PerformanceCounterViewer.h">
      <Filter>Generated Files</Filter>
    </ClInclude>
    <ClInclude Include="Code\pyrenderdoc\container_handling.h">
      <Filter>Code\pyrenderdoc</Filter>
    </ClInclude>
    <ClInclude Include="Code\pyrenderdoc\function_conversion.h">
      <Filter>Code\pyrenderdoc</Filter>
    </ClInclude>
    <ClInclude Include="Code\pyrenderdoc\ext_refcounts.h">
      <Filter>Code\pyrenderdoc</Filter>
    </ClInclude>
    <ClInclude Include="Code\pyrenderdoc\structured_conversion.h">
      <Filter>Code\pyrenderdoc</Filter>
    </ClInclude>
    <ClInclude Include="$(IntDir)generated\ui_ResourceInspector.h">
      <Filter>Generated Files</Filter>
    </ClInclude>
    <ClInclude Include="Code\Interface\Analytics.h">
      <Filter>Code\Interface</Filter>
    </ClInclude>
    <ClInclude Include="$(IntDir)generated\ui_AnalyticsConfirmDialog.h">
      <Filter>Generated Files</Filter>
    </ClInclude>
    <ClInclude Include="$(IntDir)generated\ui_AnalyticsPromptDialog.h">
      <Filter>Generated Files</Filter>
    </ClInclude>
    <ClInclude Include="$(IntDir)generated\ui_CrashDialog.h">
      <Filter>Generated Files</Filter>
    </ClInclude>
    <ClInclude Include="$(IntDir)generated\ui_UpdateDialog.h">
      <Filter>Generated Files</Filter>
    </ClInclude>
    <ClInclude Include="Code\pyrenderdoc\interface_check.h">
      <Filter>Code\pyrenderdoc</Filter>
    </ClInclude>
    <ClInclude Include="Code\RGPInterop.h">
      <Filter>Code</Filter>
    </ClInclude>
    <ClInclude Include="$(IntDir)generated\ui_ExtensionManager.h">
      <Filter>Generated Files</Filter>
    </ClInclude>
    <ClInclude Include="Code\Interface\Extensions.h">
      <Filter>Code\Interface</Filter>
    </ClInclude>
    <ClInclude Include="$(IntDir)generated\ui_LogView.h">
      <Filter>Generated Files</Filter>
    </ClInclude>
    <ClInclude Include="$(IntDir)generated\ui_ReplayOptionsSelector.h">
      <Filter>Generated Files</Filter>
    </ClInclude>
    <ClInclude Include="$(IntDir)generated\ui_ConfigEditor.h">
      <Filter>Generated Files</Filter>
    </ClInclude>
    <ClInclude Include="Code\MiniQtHelper.h">
      <Filter>Code</Filter>
    </ClInclude>
    <ClInclude Include="$(IntDir)generated\ui_ShaderMessageViewer.h">
      <Filter>Generated Files</Filter>
    </ClInclude>
    <ClInclude Include="3rdparty\catch\catch.hpp">
      <Filter>3rdparty\catch</Filter>
    </ClInclude>
    <ClInclude Include="3rdparty\catch\official\catch.hpp">
      <Filter>3rdparty\catch</Filter>
    </ClInclude>
  </ItemGroup>
  <ItemGroup>
    <None Include="Code\pyrenderdoc\pyconversion.h">
      <Filter>Code\pyrenderdoc</Filter>
    </None>
    <None Include="Code\pyrenderdoc\pyconversion.i">
      <Filter>Code\pyrenderdoc</Filter>
    </None>
    <None Include="Code\pyrenderdoc\cosmetics.i">
      <Filter>Code\pyrenderdoc</Filter>
    </None>
    <None Include="Code\pyrenderdoc\container_handling.i">
      <Filter>Code\pyrenderdoc</Filter>
    </None>
    <None Include="Code\pyrenderdoc\ext_refcounts.i">
      <Filter>Code\pyrenderdoc</Filter>
    </None>
    <None Include="Resources\logo.svg">
      <Filter>Resources\Files</Filter>
    </None>
    <None Include="Resources\qt.conf">
      <Filter>Resources\Files</Filter>
    </None>
    <None Include="Resources\README.md">
      <Filter>Resources\Files</Filter>
    </None>
    <None Include="Code\AppleUtils.mm">
      <Filter>Code</Filter>
    </None>
  </ItemGroup>
  <ItemGroup>
    <ResourceCompile Include="Resources\qrenderdoc.rc">
      <Filter>Resources</Filter>
    </ResourceCompile>
  </ItemGroup>
  <ItemGroup>
    <CustomBuild Include="Windows\APIInspector.ui">
      <Filter>Windows</Filter>
    </CustomBuild>
    <CustomBuild Include="Windows\BufferViewer.ui">
      <Filter>Windows</Filter>
    </CustomBuild>
    <CustomBuild Include="Windows\DebugMessageView.ui">
      <Filter>Windows</Filter>
    </CustomBuild>
    <CustomBuild Include="Windows\CommentView.ui">
      <Filter>Windows</Filter>
    </CustomBuild>
    <CustomBuild Include="Windows\DescriptorViewer.ui">
      <Filter>Windows</Filter>
    </CustomBuild>
    <CustomBuild Include="Windows\EventBrowser.ui">
      <Filter>Windows</Filter>
    </CustomBuild>
    <CustomBuild Include="Windows\MainWindow.ui">
      <Filter>Windows</Filter>
    </CustomBuild>
    <CustomBuild Include="Windows\ShaderViewer.ui">
      <Filter>Windows</Filter>
    </CustomBuild>
    <CustomBuild Include="Windows\StatisticsViewer.ui">
      <Filter>Windows</Filter>
    </CustomBuild>
    <CustomBuild Include="Windows\TextureViewer.ui">
      <Filter>Windows</Filter>
    </CustomBuild>
    <CustomBuild Include="Windows\PipelineState\D3D11PipelineStateViewer.ui">
      <Filter>Windows\PipelineState</Filter>
    </CustomBuild>
    <CustomBuild Include="Windows\PipelineState\D3D12PipelineStateViewer.ui">
      <Filter>Windows\PipelineState</Filter>
    </CustomBuild>
    <CustomBuild Include="Windows\PipelineState\GLPipelineStateViewer.ui">
      <Filter>Windows\PipelineState</Filter>
    </CustomBuild>
    <CustomBuild Include="Windows\PipelineState\PipelineStateViewer.ui">
      <Filter>Windows\PipelineState</Filter>
    </CustomBuild>
    <CustomBuild Include="Windows\PipelineState\VulkanPipelineStateViewer.ui">
      <Filter>Windows\PipelineState</Filter>
    </CustomBuild>
    <CustomBuild Include="Widgets\BufferFormatSpecifier.ui">
      <Filter>Widgets</Filter>
    </CustomBuild>
    <CustomBuild Include="Widgets\ResourcePreview.ui">
      <Filter>Widgets</Filter>
    </CustomBuild>
    <CustomBuild Include="Widgets\ThumbnailStrip.ui">
      <Filter>Widgets</Filter>
    </CustomBuild>
    <CustomBuild Include="Windows\Dialogs\SettingsDialog.ui">
      <Filter>Windows\Dialogs</Filter>
    </CustomBuild>
    <CustomBuild Include="Windows\Dialogs\AboutDialog.ui">
      <Filter>Windows\Dialogs</Filter>
    </CustomBuild>
    <CustomBuild Include="Windows\Dialogs\AxisMappingDialog.ui">
      <Filter>Windows\Dialogs</Filter>
    </CustomBuild>
    <CustomBuild Include="Windows\Dialogs\CaptureDialog.ui">
      <Filter>Windows\Dialogs</Filter>
    </CustomBuild>
    <CustomBuild Include="Windows\Dialogs\LiveCapture.ui">
      <Filter>Windows\Dialogs</Filter>
    </CustomBuild>
    <CustomBuild Include="Windows\Dialogs\SuggestRemoteDialog.ui">
      <Filter>Windows\Dialogs</Filter>
    </CustomBuild>
    <CustomBuild Include="Windows\Dialogs\VirtualFileDialog.ui">
      <Filter>Windows\Dialogs</Filter>
    </CustomBuild>
    <CustomBuild Include="Windows\Dialogs\TextureSaveDialog.ui">
      <Filter>Windows\Dialogs</Filter>
    </CustomBuild>
    <CustomBuild Include="Windows\Dialogs\TipsDialog.ui">
      <Filter>Windows\Dialogs</Filter>
    </CustomBuild>
    <CustomBuild Include="Resources\resources.qrc">
      <Filter>Resources</Filter>
    </CustomBuild>
    <CustomBuild Include="Windows\TextureViewer.h">
      <Filter>Windows</Filter>
    </CustomBuild>
    <CustomBuild Include="Windows\MainWindow.h">
      <Filter>Windows</Filter>
    </CustomBuild>
    <CustomBuild Include="Windows\APIInspector.h">
      <Filter>Windows</Filter>
    </CustomBuild>
    <CustomBuild Include="Windows\BufferViewer.h">
      <Filter>Windows</Filter>
    </CustomBuild>
    <CustomBuild Include="Windows\DebugMessageView.h">
      <Filter>Windows</Filter>
    </CustomBuild>
    <CustomBuild Include="Windows\CommentView.h">
      <Filter>Windows</Filter>
    </CustomBuild>
    <CustomBuild Include="Windows\DescriptorViewer.h">
      <Filter>Windows</Filter>
    </CustomBuild>
    <CustomBuild Include="Windows\EventBrowser.h">
      <Filter>Windows</Filter>
    </CustomBuild>
    <CustomBuild Include="Windows\ShaderViewer.h">
      <Filter>Windows</Filter>
    </CustomBuild>
    <CustomBuild Include="Windows\StatisticsViewer.h">
      <Filter>Windows</Filter>
    </CustomBuild>
    <CustomBuild Include="Widgets\Extended\RDDoubleSpinBox.h">
      <Filter>Widgets\Extended</Filter>
    </CustomBuild>
    <CustomBuild Include="Widgets\Extended\RDLabel.h">
      <Filter>Widgets\Extended</Filter>
    </CustomBuild>
    <CustomBuild Include="Widgets\Extended\RDLineEdit.h">
      <Filter>Widgets\Extended</Filter>
    </CustomBuild>
    <CustomBuild Include="Widgets\Extended\RDListView.h">
      <Filter>Widgets\Extended</Filter>
    </CustomBuild>
    <CustomBuild Include="Widgets\Extended\RDListWidget.h">
      <Filter>Widgets\Extended</Filter>
    </CustomBuild>
    <CustomBuild Include="Widgets\Extended\RDTableView.h">
      <Filter>Widgets\Extended</Filter>
    </CustomBuild>
    <CustomBuild Include="Widgets\Extended\RDTableWidget.h">
      <Filter>Widgets\Extended</Filter>
    </CustomBuild>
    <CustomBuild Include="Widgets\Extended\RDTreeWidget.h">
      <Filter>Widgets\Extended</Filter>
    </CustomBuild>
    <CustomBuild Include="Widgets\BufferFormatSpecifier.h">
      <Filter>Widgets</Filter>
    </CustomBuild>
    <CustomBuild Include="Widgets\CustomPaintWidget.h">
      <Filter>Widgets</Filter>
    </CustomBuild>
    <CustomBuild Include="Widgets\RangeHistogram.h">
      <Filter>Widgets</Filter>
    </CustomBuild>
    <CustomBuild Include="Widgets\ResourcePreview.h">
      <Filter>Widgets</Filter>
    </CustomBuild>
    <CustomBuild Include="Widgets\TextureGoto.h">
      <Filter>Widgets</Filter>
    </CustomBuild>
    <CustomBuild Include="Windows\Dialogs\AboutDialog.h">
      <Filter>Windows\Dialogs</Filter>
    </CustomBuild>
    <CustomBuild Include="Windows\Dialogs\AxisMappingDialog.h">
      <Filter>Windows\Dialogs</Filter>
    </CustomBuild>
    <CustomBuild Include="Windows\Dialogs\CaptureDialog.h">
      <Filter>Windows\Dialogs</Filter>
    </CustomBuild>
    <CustomBuild Include="Windows\Dialogs\LiveCapture.h">
      <Filter>Windows\Dialogs</Filter>
    </CustomBuild>
    <CustomBuild Include="Widgets\OrderedListEditor.h">
      <Filter>Widgets</Filter>
    </CustomBuild>
    <CustomBuild Include="Windows\PipelineState\PipelineStateViewer.h">
      <Filter>Windows\PipelineState</Filter>
    </CustomBuild>
    <CustomBuild Include="Windows\Dialogs\SettingsDialog.h">
      <Filter>Windows\Dialogs</Filter>
    </CustomBuild>
    <CustomBuild Include="Windows\Dialogs\TextureSaveDialog.h">
      <Filter>Windows\Dialogs</Filter>
    </CustomBuild>
    <CustomBuild Include="Windows\Dialogs\TipsDialog.h">
      <Filter>Windows\Dialogs</Filter>
    </CustomBuild>
    <CustomBuild Include="Windows\Dialogs\SuggestRemoteDialog.h">
      <Filter>Windows\Dialogs</Filter>
    </CustomBuild>
    <CustomBuild Include="Windows\Dialogs\VirtualFileDialog.h">
      <Filter>Windows\Dialogs</Filter>
    </CustomBuild>
    <CustomBuild Include="Windows\PipelineState\VulkanPipelineStateViewer.h">
      <Filter>Windows\PipelineState</Filter>
    </CustomBuild>
    <CustomBuild Include="Windows\PipelineState\D3D11PipelineStateViewer.h">
      <Filter>Windows\PipelineState</Filter>
    </CustomBuild>
    <CustomBuild Include="Windows\PipelineState\D3D12PipelineStateViewer.h">
      <Filter>Windows\PipelineState</Filter>
    </CustomBuild>
    <CustomBuild Include="Windows\PipelineState\GLPipelineStateViewer.h">
      <Filter>Windows\PipelineState</Filter>
    </CustomBuild>
    <CustomBuild Include="Code\QRDUtils.h">
      <Filter>Code</Filter>
    </CustomBuild>
    <CustomBuild Include="Widgets\ThumbnailStrip.h">
      <Filter>Widgets</Filter>
    </CustomBuild>
    <CustomBuild Include="3rdparty\toolwindowmanager\ToolWindowManagerWrapper.h">
      <Filter>3rdparty\ToolWindowManager</Filter>
    </CustomBuild>
    <CustomBuild Include="3rdparty\toolwindowmanager\ToolWindowManagerArea.h">
      <Filter>3rdparty\ToolWindowManager</Filter>
    </CustomBuild>
    <CustomBuild Include="3rdparty\toolwindowmanager\ToolWindowManager.h">
      <Filter>3rdparty\ToolWindowManager</Filter>
    </CustomBuild>
    <CustomBuild Include="3rdparty\scintilla\qt\ScintillaEdit\ScintillaDocument.h">
      <Filter>3rdparty\Scintilla\qt\ScintillaEdit</Filter>
    </CustomBuild>
    <CustomBuild Include="3rdparty\scintilla\qt\ScintillaEdit\ScintillaEdit.h">
      <Filter>3rdparty\Scintilla\qt\ScintillaEdit</Filter>
    </CustomBuild>
    <CustomBuild Include="3rdparty\scintilla\qt\ScintillaEditBase\ScintillaEditBase.h">
      <Filter>3rdparty\Scintilla\qt\ScintillaEditBase</Filter>
    </CustomBuild>
    <CustomBuild Include="3rdparty\scintilla\qt\ScintillaEditBase\ScintillaQt.h">
      <Filter>3rdparty\Scintilla\qt\ScintillaEditBase</Filter>
    </CustomBuild>
    <CustomBuild Include="Windows\Dialogs\RemoteManager.ui">
      <Filter>Windows\Dialogs</Filter>
    </CustomBuild>
    <CustomBuild Include="Windows\Dialogs\RemoteManager.h">
      <Filter>Windows\Dialogs</Filter>
    </CustomBuild>
    <CustomBuild Include="Windows\PixelHistoryView.ui">
      <Filter>Windows</Filter>
    </CustomBuild>
    <CustomBuild Include="Windows\PixelHistoryView.h">
      <Filter>Windows</Filter>
    </CustomBuild>
    <CustomBuild Include="Widgets\Extended\RDTreeView.h">
      <Filter>Widgets\Extended</Filter>
    </CustomBuild>
    <CustomBuild Include="Widgets\PipelineFlowChart.h">
      <Filter>Widgets</Filter>
    </CustomBuild>
    <CustomBuild Include="Windows\Dialogs\EnvironmentEditor.ui">
      <Filter>Windows\Dialogs</Filter>
    </CustomBuild>
    <CustomBuild Include="Windows\Dialogs\EnvironmentEditor.h">
      <Filter>Windows\Dialogs</Filter>
    </CustomBuild>
    <CustomBuild Include="Widgets\FindReplace.ui">
      <Filter>Widgets</Filter>
    </CustomBuild>
    <CustomBuild Include="Widgets\FindReplace.h">
      <Filter>Widgets</Filter>
    </CustomBuild>
    <CustomBuild Include="Widgets\Extended\RDSplitter.h">
      <Filter>Widgets\Extended</Filter>
    </CustomBuild>
    <CustomBuild Include="Code\pyrenderdoc\renderdoc.i">
      <Filter>Code\pyrenderdoc</Filter>
    </CustomBuild>
    <CustomBuild Include="Code\pyrenderdoc\PythonContext.h">
      <Filter>Code\pyrenderdoc</Filter>
    </CustomBuild>
    <CustomBuild Include="Code\pyrenderdoc\qrenderdoc.i">
      <Filter>Code\pyrenderdoc</Filter>
    </CustomBuild>
    <CustomBuild Include="Widgets\Extended\RDTextEdit.h">
      <Filter>Widgets\Extended</Filter>
    </CustomBuild>
    <CustomBuild Include="Windows\PythonShell.h">
      <Filter>Windows</Filter>
    </CustomBuild>
    <CustomBuild Include="Windows\PythonShell.ui">
      <Filter>Windows</Filter>
    </CustomBuild>
    <CustomBuild Include="Widgets\Extended\RDToolButton.h">
      <Filter>Widgets\Extended</Filter>
    </CustomBuild>
    <CustomBuild Include="3rdparty\toolwindowmanager\ToolWindowManagerTabBar.h">
      <Filter>3rdparty\ToolWindowManager</Filter>
    </CustomBuild>
    <CustomBuild Include="3rdparty\toolwindowmanager\ToolWindowManagerSplitter.h">
      <Filter>3rdparty\ToolWindowManager</Filter>
    </CustomBuild>
    <CustomBuild Include="Widgets\Extended\RDHeaderView.h">
      <Filter>Widgets\Extended</Filter>
    </CustomBuild>
    <CustomBuild Include="Resources\qtconf.qrc">
      <Filter>Resources</Filter>
    </CustomBuild>
    <CustomBuild Include="Windows\TimelineBar.h">
      <Filter>Windows</Filter>
    </CustomBuild>
    <CustomBuild Include="Styles\RDStyle\RDStyle.h">
      <Filter>Styles\RDStyle</Filter>
    </CustomBuild>
    <CustomBuild Include="Styles\RDTweakedNativeStyle\RDTweakedNativeStyle.h">
      <Filter>Styles\RDTweakedNativeStyle</Filter>
    </CustomBuild>
    <CustomBuild Include="Windows\Dialogs\PerformanceCounterSelection.h">
      <Filter>Windows\Dialogs</Filter>
    </CustomBuild>
    <CustomBuild Include="Windows\Dialogs\PerformanceCounterSelection.ui">
      <Filter>Windows\Dialogs</Filter>
    </CustomBuild>
    <CustomBuild Include="Windows\PerformanceCounterViewer.h">
      <Filter>Windows</Filter>
    </CustomBuild>
    <CustomBuild Include="Windows\PerformanceCounterViewer.ui">
      <Filter>Windows</Filter>
    </CustomBuild>
    <CustomBuild Include="Windows\ResourceInspector.ui">
      <Filter>Windows</Filter>
    </CustomBuild>
    <CustomBuild Include="Windows\ResourceInspector.h">
      <Filter>Windows</Filter>
    </CustomBuild>
    <CustomBuild Include="Windows\Dialogs\AnalyticsConfirmDialog.ui">
      <Filter>Windows\Dialogs</Filter>
    </CustomBuild>
    <CustomBuild Include="Windows\Dialogs\AnalyticsConfirmDialog.h">
      <Filter>Windows\Dialogs</Filter>
    </CustomBuild>
    <CustomBuild Include="Windows\Dialogs\AnalyticsPromptDialog.h">
      <Filter>Windows\Dialogs</Filter>
    </CustomBuild>
    <CustomBuild Include="Windows\Dialogs\AnalyticsPromptDialog.ui">
      <Filter>Windows\Dialogs</Filter>
    </CustomBuild>
    <CustomBuild Include="Windows\Dialogs\CrashDialog.h">
      <Filter>Windows\Dialogs</Filter>
    </CustomBuild>
    <CustomBuild Include="Windows\Dialogs\CrashDialog.ui">
      <Filter>Windows\Dialogs</Filter>
    </CustomBuild>
    <CustomBuild Include="Windows\Dialogs\UpdateDialog.h">
      <Filter>Windows\Dialogs</Filter>
    </CustomBuild>
    <CustomBuild Include="Windows\Dialogs\UpdateDialog.ui">
      <Filter>Windows\Dialogs</Filter>
    </CustomBuild>
    <CustomBuild Include="Widgets\CollapseGroupBox.h">
      <Filter>Widgets</Filter>
    </CustomBuild>
    <CustomBuild Include="Windows\Dialogs\ExtensionManager.ui">
      <Filter>Windows\Dialogs</Filter>
    </CustomBuild>
    <CustomBuild Include="Windows\Dialogs\ExtensionManager.h">
      <Filter>Windows\Dialogs</Filter>
    </CustomBuild>
    <CustomBuild Include="Windows\LogView.ui">
      <Filter>Windows</Filter>
    </CustomBuild>
    <CustomBuild Include="Windows\LogView.h">
      <Filter>Windows</Filter>
    </CustomBuild>
    <CustomBuild Include="Widgets\ReplayOptionsSelector.h">
      <Filter>Widgets</Filter>
    </CustomBuild>
    <CustomBuild Include="Widgets\ReplayOptionsSelector.ui">
      <Filter>Widgets</Filter>
    </CustomBuild>
    <CustomBuild Include="Windows\Dialogs\ConfigEditor.h">
      <Filter>Windows\Dialogs</Filter>
    </CustomBuild>
    <CustomBuild Include="Windows\Dialogs\ConfigEditor.ui">
      <Filter>Windows\Dialogs</Filter>
    </CustomBuild>
    <CustomBuild Include="Widgets\Extended\RDMenu.h">
      <Filter>Widgets\Extended</Filter>
    </CustomBuild>
    <CustomBuild Include="Windows\ShaderMessageViewer.h">
      <Filter>Windows</Filter>
    </CustomBuild>
    <CustomBuild Include="Windows\ShaderMessageViewer.ui">
      <Filter>Windows</Filter>
    </CustomBuild>
    <CustomBuild Include="Widgets\MarkerBreadcrumbs.h">
      <Filter>Widgets</Filter>
    </CustomBuild>
    <CustomBuild Include="Widgets\ComputeDebugSelector.h">
      <Filter>Widgets</Filter>
    </CustomBuild>
    <CustomBuild Include="Widgets\ComputeDebugSelector.ui">
      <Filter>Widgets</Filter>
    </CustomBuild>
  </ItemGroup>
  <ItemGroup>
    <Image Include="Resources\action.png">
      <Filter>Resources\Files</Filter>
    </Image>
    <Image Include="Resources\action%402x.png">
      <Filter>Resources\Files</Filter>
    </Image>
    <Image Include="Resources\action_hover.png">
      <Filter>Resources\Files</Filter>
    </Image>
    <Image Include="Resources\action_hover%402x.png">
      <Filter>Resources\Files</Filter>
    </Image>
    <Image Include="Resources\add.png">
      <Filter>Resources\Files</Filter>
    </Image>
    <Image Include="Resources\add%402x.png">
      <Filter>Resources\Files</Filter>
    </Image>
    <Image Include="Resources\arrow_in.png">
      <Filter>Resources\Files</Filter>
    </Image>
    <Image Include="Resources\arrow_in%402x.png">
      <Filter>Resources\Files</Filter>
    </Image>
    <Image Include="Resources\arrow_join.png">
      <Filter>Resources\Files</Filter>
    </Image>
    <Image Include="Resources\arrow_join%402x.png">
      <Filter>Resources\Files</Filter>
    </Image>
    <Image Include="Resources\arrow_left.png">
      <Filter>Resources\Files</Filter>
    </Image>
    <Image Include="Resources\arrow_left%402x.png">
      <Filter>Resources\Files</Filter>
    </Image>
    <Image Include="Resources\arrow_out.png">
      <Filter>Resources\Files</Filter>
    </Image>
    <Image Include="Resources\arrow_out%402x.png">
      <Filter>Resources\Files</Filter>
    </Image>
    <Image Include="Resources\arrow_right.png">
      <Filter>Resources\Files</Filter>
    </Image>
    <Image Include="Resources\arrow_right%402x.png">
      <Filter>Resources\Files</Filter>
    </Image>
    <Image Include="Resources\arrow_undo.png">
      <Filter>Resources\Files</Filter>
    </Image>
    <Image Include="Resources\arrow_undo%402x.png">
      <Filter>Resources\Files</Filter>
    </Image>
    <Image Include="Resources\asterisk_orange.png">
      <Filter>Resources\Files</Filter>
    </Image>
    <Image Include="Resources\asterisk_orange%402x.png">
      <Filter>Resources\Files</Filter>
    </Image>
    <Image Include="Resources\bug.png">
      <Filter>Resources\Files</Filter>
    </Image>
    <Image Include="Resources\bug%402x.png">
      <Filter>Resources\Files</Filter>
    </Image>
    <Image Include="Resources\chart_curve.png">
      <Filter>Resources\Files</Filter>
    </Image>
    <Image Include="Resources\chart_curve%402x.png">
      <Filter>Resources\Files</Filter>
    </Image>
    <Image Include="Resources\checkerboard.png">
      <Filter>Resources\Files</Filter>
    </Image>
    <Image Include="Resources\checkerboard%402x.png">
      <Filter>Resources\Files</Filter>
    </Image>
    <Image Include="Resources\cog.png">
      <Filter>Resources\Files</Filter>
    </Image>
    <Image Include="Resources\cog%402x.png">
      <Filter>Resources\Files</Filter>
    </Image>
    <Image Include="Resources\color_wheel.png">
      <Filter>Resources\Files</Filter>
    </Image>
    <Image Include="Resources\color_wheel%402x.png">
      <Filter>Resources\Files</Filter>
    </Image>
    <Image Include="Resources\connect.png">
      <Filter>Resources\Files</Filter>
    </Image>
    <Image Include="Resources\connect%402x.png">
      <Filter>Resources\Files</Filter>
    </Image>
    <Image Include="Resources\control_base_blue.png">
      <Filter>Resources\Files</Filter>
    </Image>
    <Image Include="Resources\control_base_blue%402x.png">
      <Filter>Resources\Files</Filter>
    </Image>
    <Image Include="Resources\control_cursor_blue.png">
      <Filter>Resources\Files</Filter>
    </Image>
    <Image Include="Resources\control_cursor_blue%402x.png">
      <Filter>Resources\Files</Filter>
    </Image>
    <Image Include="Resources\control_end_blue.png">
      <Filter>Resources\Files</Filter>
    </Image>
    <Image Include="Resources\control_end_blue%402x.png">
      <Filter>Resources\Files</Filter>
    </Image>
    <Image Include="Resources\control_nan_blue.png">
      <Filter>Resources\Files</Filter>
    </Image>
    <Image Include="Resources\control_nan_blue%402x.png">
      <Filter>Resources\Files</Filter>
    </Image>
    <Image Include="Resources\control_play_blue.png">
      <Filter>Resources\Files</Filter>
    </Image>
    <Image Include="Resources\control_play_blue%402x.png">
      <Filter>Resources\Files</Filter>
    </Image>
    <Image Include="Resources\control_reverse_blue.png">
      <Filter>Resources\Files</Filter>
    </Image>
    <Image Include="Resources\control_reverse_blue%402x.png">
      <Filter>Resources\Files</Filter>
    </Image>
    <Image Include="Resources\control_sample_blue.png">
      <Filter>Resources\Files</Filter>
    </Image>
    <Image Include="Resources\control_sample_blue%402x.png">
      <Filter>Resources\Files</Filter>
    </Image>
    <Image Include="Resources\control_start_blue.png">
      <Filter>Resources\Files</Filter>
    </Image>
    <Image Include="Resources\control_start_blue%402x.png">
      <Filter>Resources\Files</Filter>
    </Image>
    <Image Include="Resources\cross.png">
      <Filter>Resources\Files</Filter>
    </Image>
    <Image Include="Resources\cross%402x.png">
      <Filter>Resources\Files</Filter>
    </Image>
    <Image Include="Resources\del.png">
      <Filter>Resources\Files</Filter>
    </Image>
    <Image Include="Resources\del%402x.png">
      <Filter>Resources\Files</Filter>
    </Image>
    <Image Include="Resources\disconnect.png">
      <Filter>Resources\Files</Filter>
    </Image>
    <Image Include="Resources\disconnect%402x.png">
      <Filter>Resources\Files</Filter>
    </Image>
    <Image Include="Resources\find.png">
      <Filter>Resources\Files</Filter>
    </Image>
    <Image Include="Resources\find%402x.png">
      <Filter>Resources\Files</Filter>
    </Image>
    <Image Include="Resources\flag_green.png">
      <Filter>Resources\Files</Filter>
    </Image>
    <Image Include="Resources\flag_green%402x.png">
      <Filter>Resources\Files</Filter>
    </Image>
    <Image Include="Resources\flip_y.png">
      <Filter>Resources\Files</Filter>
    </Image>
    <Image Include="Resources\flip_y%402x.png">
      <Filter>Resources\Files</Filter>
    </Image>
    <Image Include="Resources\folder.png">
      <Filter>Resources\Files</Filter>
    </Image>
    <Image Include="Resources\folder%402x.png">
      <Filter>Resources\Files</Filter>
    </Image>
    <Image Include="Resources\folder_page_white.png">
      <Filter>Resources\Files</Filter>
    </Image>
    <Image Include="Resources\folder_page_white%402x.png">
      <Filter>Resources\Files</Filter>
    </Image>
    <Image Include="Resources\hourglass.png">
      <Filter>Resources\Files</Filter>
    </Image>
    <Image Include="Resources\hourglass%402x.png">
      <Filter>Resources\Files</Filter>
    </Image>
    <Image Include="Resources\house.png">
      <Filter>Resources\Files</Filter>
    </Image>
    <Image Include="Resources\house%402x.png">
      <Filter>Resources\Files</Filter>
    </Image>
    <Image Include="Resources\icon.ico">
      <Filter>Resources\Files</Filter>
    </Image>
    <Image Include="Resources\information.png">
      <Filter>Resources\Files</Filter>
    </Image>
    <Image Include="Resources\information%402x.png">
      <Filter>Resources\Files</Filter>
    </Image>
    <Image Include="Resources\link.png">
      <Filter>Resources\Files</Filter>
    </Image>
    <Image Include="Resources\link%402x.png">
      <Filter>Resources\Files</Filter>
    </Image>
    <Image Include="Resources\page_go.png">
      <Filter>Resources\Files</Filter>
    </Image>
    <Image Include="Resources\page_go%402x.png">
      <Filter>Resources\Files</Filter>
    </Image>
    <Image Include="Resources\page_white_code.png">
      <Filter>Resources\Files</Filter>
    </Image>
    <Image Include="Resources\page_white_code%402x.png">
      <Filter>Resources\Files</Filter>
    </Image>
    <Image Include="Resources\page_white_database.png">
      <Filter>Resources\Files</Filter>
    </Image>
    <Image Include="Resources\page_white_database%402x.png">
      <Filter>Resources\Files</Filter>
    </Image>
    <Image Include="Resources\page_white_delete.png">
      <Filter>Resources\Files</Filter>
    </Image>
    <Image Include="Resources\page_white_delete%402x.png">
      <Filter>Resources\Files</Filter>
    </Image>
    <Image Include="Resources\page_white_edit.png">
      <Filter>Resources\Files</Filter>
    </Image>
    <Image Include="Resources\page_white_edit%402x.png">
      <Filter>Resources\Files</Filter>
    </Image>
    <Image Include="Resources\page_white_link.png">
      <Filter>Resources\Files</Filter>
    </Image>
    <Image Include="Resources\page_white_link%402x.png">
      <Filter>Resources\Files</Filter>
    </Image>
    <Image Include="Resources\page_white_stack.png">
      <Filter>Resources\Files</Filter>
    </Image>
    <Image Include="Resources\page_white_stack%402x.png">
      <Filter>Resources\Files</Filter>
    </Image>
    <Image Include="Resources\plugin_add.png">
      <Filter>Resources\Files</Filter>
    </Image>
    <Image Include="Resources\plugin_add%402x.png">
      <Filter>Resources\Files</Filter>
    </Image>
    <Image Include="Resources\save.png">
      <Filter>Resources\Files</Filter>
    </Image>
    <Image Include="Resources\save%402x.png">
      <Filter>Resources\Files</Filter>
    </Image>
    <Image Include="Resources\tick.png">
      <Filter>Resources\Files</Filter>
    </Image>
    <Image Include="Resources\tick%402x.png">
      <Filter>Resources\Files</Filter>
    </Image>
    <Image Include="Resources\time.png">
      <Filter>Resources\Files</Filter>
    </Image>
    <Image Include="Resources\time%402x.png">
      <Filter>Resources\Files</Filter>
    </Image>
    <Image Include="Resources\timeline_marker.png">
      <Filter>Resources\Files</Filter>
    </Image>
    <Image Include="Resources\timeline_marker%402x.png">
      <Filter>Resources\Files</Filter>
    </Image>
    <Image Include="Resources\upfolder.png">
      <Filter>Resources\Files</Filter>
    </Image>
    <Image Include="Resources\upfolder%402x.png">
      <Filter>Resources\Files</Filter>
    </Image>
    <Image Include="Resources\wand.png">
      <Filter>Resources\Files</Filter>
    </Image>
    <Image Include="Resources\wand%402x.png">
      <Filter>Resources\Files</Filter>
    </Image>
    <Image Include="Resources\wireframe_mesh.png">
      <Filter>Resources\Files</Filter>
    </Image>
    <Image Include="Resources\wireframe_mesh%402x.png">
      <Filter>Resources\Files</Filter>
    </Image>
    <Image Include="Resources\wrench.png">
      <Filter>Resources\Files</Filter>
    </Image>
    <Image Include="Resources\wrench%402x.png">
      <Filter>Resources\Files</Filter>
    </Image>
    <Image Include="Resources\zoom.png">
      <Filter>Resources\Files</Filter>
    </Image>
    <Image Include="Resources\zoom%402x.png">
      <Filter>Resources\Files</Filter>
    </Image>
    <Image Include="Resources\update.png">
      <Filter>Resources\Files</Filter>
    </Image>
    <Image Include="Resources\update%402x.png">
      <Filter>Resources\Files</Filter>
    </Image>
    <Image Include="Resources\arrow_refresh%402x.png">
      <Filter>Resources\Files</Filter>
    </Image>
    <Image Include="Resources\arrow_refresh.png">
      <Filter>Resources\Files</Filter>
    </Image>
    <Image Include="Resources\copy.png">
      <Filter>Resources\Files</Filter>
    </Image>
    <Image Include="Resources\copy%402x.png">
      <Filter>Resources\Files</Filter>
    </Image>
    <Image Include="Resources\cut.png">
      <Filter>Resources\Files</Filter>
    </Image>
    <Image Include="Resources\cut%402x.png">
      <Filter>Resources\Files</Filter>
    </Image>
    <Image Include="Resources\paste.png">
      <Filter>Resources\Files</Filter>
    </Image>
    <Image Include="Resources\paste%402x.png">
      <Filter>Resources\Files</Filter>
    </Image>
    <Image Include="Resources\plugin.png">
      <Filter>Resources\Files</Filter>
    </Image>
    <Image Include="Resources\plugin%402x.png">
      <Filter>Resources\Files</Filter>
    </Image>
    <Image Include="Resources\text_add.png">
      <Filter>Resources\Files</Filter>
    </Image>
    <Image Include="Resources\text_add%402x.png">
      <Filter>Resources\Files</Filter>
    </Image>
    <Image Include="Resources\pixel_history.png">
      <Filter>Resources\Files</Filter>
    </Image>
    <Image Include="Resources\pixel_history%402x.png">
      <Filter>Resources\Files</Filter>
    </Image>
    <Image Include="Resources\filter_reapply.png">
      <Filter>Resources\Files</Filter>
    </Image>
    <Image Include="Resources\filter_reapply%402x.png">
      <Filter>Resources\Files</Filter>
    </Image>
    <Image Include="Resources\control_reverse_base_blue.png">
      <Filter>Resources\Files</Filter>
    </Image>
    <Image Include="Resources\control_reverse_base_blue%402x.png">
      <Filter>Resources\Files</Filter>
    </Image>
    <Image Include="Resources\control_reverse_cursor_blue.png">
      <Filter>Resources\Files</Filter>
    </Image>
    <Image Include="Resources\control_reverse_cursor_blue%402x.png">
      <Filter>Resources\Files</Filter>
    </Image>
    <Image Include="Resources\control_reverse_nan_blue.png">
      <Filter>Resources\Files</Filter>
    </Image>
    <Image Include="Resources\control_reverse_nan_blue%402x.png">
      <Filter>Resources\Files</Filter>
    </Image>
    <Image Include="Resources\control_reverse_sample_blue.png">
      <Filter>Resources\Files</Filter>
    </Image>
    <Image Include="Resources\control_reverse_sample_blue%402x.png">
      <Filter>Resources\Files</Filter>
    </Image>
    <Image Include="Resources\filter.png">
      <Filter>Resources\Files</Filter>
    </Image>
    <Image Include="Resources\filter%402x.png">
      <Filter>Resources\Files</Filter>
    </Image>
    <Image Include="Resources\align.png">
      <Filter>Resources\Files</Filter>
    </Image>
    <Image Include="Resources\align%402x.png">
      <Filter>Resources\Files</Filter>
    </Image>
    <Image Include="Resources\help.png">
      <Filter>Resources\Files</Filter>
    </Image>
    <Image Include="Resources\help%402x.png">
      <Filter>Resources\Files</Filter>
    </Image>
    <Image Include="Resources\draw_vertex%402x.png">
      <Filter>Resources\Files</Filter>
    </Image>
    <Image Include="Resources\draw_vertex.png">
      <Filter>Resources\Files</Filter>
    </Image>
  </ItemGroup>
  <ItemGroup>
    <Natvis Include="python36.natvis" />
  </ItemGroup>
</Project>