<?xml version="1.0" encoding="utf-8"?>
<Project ToolsVersion="4.0" xmlns="http://schemas.microsoft.com/developer/msbuild/2003">
  <ItemGroup>
    <Filter Include="3rdparty">
      <UniqueIdentifier>{4aaae50a-4e0a-40b2-964d-5bfeae6f287f}</UniqueIdentifier>
    </Filter>
    <Filter Include="3rdparty\glslang">
      <UniqueIdentifier>{e27da9c0-fc84-4bda-a7ed-f0d6a6e1e214}</UniqueIdentifier>
    </Filter>
    <Filter Include="PCH">
      <UniqueIdentifier>{88413a79-d32c-4386-9428-47a9ea0d52b5}</UniqueIdentifier>
    </Filter>
  </ItemGroup>
  <ItemGroup>
    <ClCompile Include="..\..\..\3rdparty\glslang\OGLCompilersDLL\InitializeDll.cpp">
      <Filter>3rdparty\glslang</Filter>
    </ClCompile>
    <ClCompile Include="..\..\..\3rdparty\glslang\SPIRV\GlslangToSpv.cpp">
      <Filter>3rdparty\glslang</Filter>
    </ClCompile>
    <ClCompile Include="..\..\..\3rdparty\glslang\SPIRV\InReadableOrder.cpp">
      <Filter>3rdparty\glslang</Filter>
    </ClCompile>
    <ClCompile Include="..\..\..\3rdparty\glslang\SPIRV\SpvBuilder.cpp">
      <Filter>3rdparty\glslang</Filter>
    </ClCompile>
    <ClCompile Include="..\..\..\3rdparty\glslang\SPIRV\SpvPostProcess.cpp">
      <Filter>3rdparty\glslang</Filter>
    </ClCompile>
    <ClCompile Include="..\..\..\3rdparty\glslang\glslang\GenericCodeGen\CodeGen.cpp">
      <Filter>3rdparty\glslang</Filter>
    </ClCompile>
    <ClCompile Include="..\..\..\3rdparty\glslang\glslang\GenericCodeGen\Link.cpp">
      <Filter>3rdparty\glslang</Filter>
    </ClCompile>
    <ClCompile Include="..\..\..\3rdparty\glslang\glslang\MachineIndependent\Constant.cpp">
      <Filter>3rdparty\glslang</Filter>
    </ClCompile>
    <ClCompile Include="..\..\..\3rdparty\glslang\glslang\MachineIndependent\glslang_tab.cpp">
      <Filter>3rdparty\glslang</Filter>
    </ClCompile>
    <ClCompile Include="..\..\..\3rdparty\glslang\glslang\MachineIndependent\InfoSink.cpp">
      <Filter>3rdparty\glslang</Filter>
    </ClCompile>
    <ClCompile Include="..\..\..\3rdparty\glslang\glslang\MachineIndependent\Initialize.cpp">
      <Filter>3rdparty\glslang</Filter>
    </ClCompile>
    <ClCompile Include="..\..\..\3rdparty\glslang\glslang\MachineIndependent\Intermediate.cpp">
      <Filter>3rdparty\glslang</Filter>
    </ClCompile>
    <ClCompile Include="..\..\..\3rdparty\glslang\glslang\MachineIndependent\intermOut.cpp">
      <Filter>3rdparty\glslang</Filter>
    </ClCompile>
    <ClCompile Include="..\..\..\3rdparty\glslang\glslang\MachineIndependent\IntermTraverse.cpp">
      <Filter>3rdparty\glslang</Filter>
    </ClCompile>
    <ClCompile Include="..\..\..\3rdparty\glslang\glslang\MachineIndependent\limits.cpp">
      <Filter>3rdparty\glslang</Filter>
    </ClCompile>
    <ClCompile Include="..\..\..\3rdparty\glslang\glslang\MachineIndependent\linkValidate.cpp">
      <Filter>3rdparty\glslang</Filter>
    </ClCompile>
    <ClCompile Include="..\..\..\3rdparty\glslang\glslang\MachineIndependent\parseConst.cpp">
      <Filter>3rdparty\glslang</Filter>
    </ClCompile>
    <ClCompile Include="..\..\..\3rdparty\glslang\glslang\MachineIndependent\ParseHelper.cpp">
      <Filter>3rdparty\glslang</Filter>
    </ClCompile>
    <ClCompile Include="..\..\..\3rdparty\glslang\glslang\MachineIndependent\PoolAlloc.cpp">
      <Filter>3rdparty\glslang</Filter>
    </ClCompile>
    <ClCompile Include="..\..\..\3rdparty\glslang\glslang\MachineIndependent\reflection.cpp">
      <Filter>3rdparty\glslang</Filter>
    </ClCompile>
    <ClCompile Include="..\..\..\3rdparty\glslang\glslang\MachineIndependent\RemoveTree.cpp">
      <Filter>3rdparty\glslang</Filter>
    </ClCompile>
    <ClCompile Include="..\..\..\3rdparty\glslang\glslang\MachineIndependent\Scan.cpp">
      <Filter>3rdparty\glslang</Filter>
    </ClCompile>
    <ClCompile Include="..\..\..\3rdparty\glslang\glslang\MachineIndependent\ShaderLang.cpp">
      <Filter>3rdparty\glslang</Filter>
    </ClCompile>
    <ClCompile Include="..\..\..\3rdparty\glslang\glslang\MachineIndependent\SymbolTable.cpp">
      <Filter>3rdparty\glslang</Filter>
    </ClCompile>
    <ClCompile Include="..\..\..\3rdparty\glslang\glslang\MachineIndependent\Versions.cpp">
      <Filter>3rdparty\glslang</Filter>
    </ClCompile>
    <ClCompile Include="..\..\..\3rdparty\glslang\glslang\MachineIndependent\preprocessor\Pp.cpp">
      <Filter>3rdparty\glslang</Filter>
    </ClCompile>
    <ClCompile Include="..\..\..\3rdparty\glslang\glslang\MachineIndependent\preprocessor\PpAtom.cpp">
      <Filter>3rdparty\glslang</Filter>
    </ClCompile>
    <ClCompile Include="..\..\..\3rdparty\glslang\glslang\MachineIndependent\preprocessor\PpContext.cpp">
      <Filter>3rdparty\glslang</Filter>
    </ClCompile>
    <ClCompile Include="..\..\..\3rdparty\glslang\glslang\MachineIndependent\preprocessor\PpScanner.cpp">
      <Filter>3rdparty\glslang</Filter>
    </ClCompile>
    <ClCompile Include="..\..\..\3rdparty\glslang\glslang\MachineIndependent\preprocessor\PpTokens.cpp">
      <Filter>3rdparty\glslang</Filter>
    </ClCompile>
    <ClCompile Include="..\..\..\3rdparty\glslang\glslang\OSDependent\Windows\ossource.cpp">
      <Filter>3rdparty\glslang</Filter>
    </ClCompile>
    <ClCompile Include="..\..\..\3rdparty\glslang\glslang\OSDependent\Unix\ossource.cpp">
      <Filter>3rdparty\glslang</Filter>
    </ClCompile>
    <ClCompile Include="spirv_compile.cpp" />
    <ClCompile Include="spirv_disassemble.cpp" />
    <ClCompile Include="spirv_common.cpp" />
    <ClCompile Include="..\..\..\3rdparty\glslang\SPIRV\Logger.cpp">
      <Filter>3rdparty\glslang</Filter>
    </ClCompile>
    <ClCompile Include="..\..\..\3rdparty\glslang\glslang\MachineIndependent\propagateNoContraction.cpp">
      <Filter>3rdparty\glslang</Filter>
    </ClCompile>
    <ClCompile Include="..\..\..\3rdparty\glslang\glslang\MachineIndependent\iomapper.cpp">
      <Filter>3rdparty\glslang</Filter>
    </ClCompile>
    <ClCompile Include="..\..\..\3rdparty\glslang\glslang\MachineIndependent\ParseContextBase.cpp">
      <Filter>3rdparty\glslang</Filter>
    </ClCompile>
    <ClCompile Include="precompiled.cpp">
      <Filter>PCH</Filter>
    </ClCompile>
    <ClCompile Include="spirv_stringise.cpp" />
    <ClCompile Include="spirv_editor.cpp" />
    <ClCompile Include="..\..\..\3rdparty\glslang\glslang\MachineIndependent\attribute.cpp">
      <Filter>3rdparty\glslang</Filter>
    </ClCompile>
    <ClCompile Include="..\..\..\3rdparty\glslang\SPIRV\SpvTools.cpp">
      <Filter>3rdparty\glslang</Filter>
    </ClCompile>
    <ClCompile Include="spirv_reflect.cpp" />
    <ClCompile Include="glslang_compile.cpp" />
  </ItemGroup>
  <ItemGroup>
    <ClInclude Include="..\..\..\3rdparty\glslang\OGLCompilersDLL\InitializeDll.h">
      <Filter>3rdparty\glslang</Filter>
    </ClInclude>
    <ClInclude Include="..\..\..\3rdparty\glslang\SPIRV\GLSL.std.450.h">
      <Filter>3rdparty\glslang</Filter>
    </ClInclude>
    <ClInclude Include="..\..\..\3rdparty\glslang\SPIRV\GlslangToSpv.h">
      <Filter>3rdparty\glslang</Filter>
    </ClInclude>
    <ClInclude Include="..\..\..\3rdparty\glslang\SPIRV\spirv.hpp">
      <Filter>3rdparty\glslang</Filter>
    </ClInclude>
    <ClInclude Include="..\..\..\3rdparty\glslang\SPIRV\SpvBuilder.h">
      <Filter>3rdparty\glslang</Filter>
    </ClInclude>
    <ClInclude Include="..\..\..\3rdparty\glslang\SPIRV\spvIR.h">
      <Filter>3rdparty\glslang</Filter>
    </ClInclude>
    <ClInclude Include="..\..\..\3rdparty\glslang\glslang\Include\arrays.h">
      <Filter>3rdparty\glslang</Filter>
    </ClInclude>
    <ClInclude Include="..\..\..\3rdparty\glslang\glslang\Include\BaseTypes.h">
      <Filter>3rdparty\glslang</Filter>
    </ClInclude>
    <ClInclude Include="..\..\..\3rdparty\glslang\glslang\Include\Common.h">
      <Filter>3rdparty\glslang</Filter>
    </ClInclude>
    <ClInclude Include="..\..\..\3rdparty\glslang\glslang\Include\ConstantUnion.h">
      <Filter>3rdparty\glslang</Filter>
    </ClInclude>
    <ClInclude Include="..\..\..\3rdparty\glslang\glslang\Include\InfoSink.h">
      <Filter>3rdparty\glslang</Filter>
    </ClInclude>
    <ClInclude Include="..\..\..\3rdparty\glslang\glslang\Include\InitializeGlobals.h">
      <Filter>3rdparty\glslang</Filter>
    </ClInclude>
    <ClInclude Include="..\..\..\3rdparty\glslang\glslang\Include\intermediate.h">
      <Filter>3rdparty\glslang</Filter>
    </ClInclude>
    <ClInclude Include="..\..\..\3rdparty\glslang\glslang\Include\PoolAlloc.h">
      <Filter>3rdparty\glslang</Filter>
    </ClInclude>
    <ClInclude Include="..\..\..\3rdparty\glslang\glslang\Include\ResourceLimits.h">
      <Filter>3rdparty\glslang</Filter>
    </ClInclude>
    <ClInclude Include="..\..\..\3rdparty\glslang\glslang\Include\revision.h">
      <Filter>3rdparty\glslang</Filter>
    </ClInclude>
    <ClInclude Include="..\..\..\3rdparty\glslang\glslang\Include\ShHandle.h">
      <Filter>3rdparty\glslang</Filter>
    </ClInclude>
    <ClInclude Include="..\..\..\3rdparty\glslang\glslang\Include\Types.h">
      <Filter>3rdparty\glslang</Filter>
    </ClInclude>
    <ClInclude Include="..\..\..\3rdparty\glslang\glslang\MachineIndependent\gl_types.h">
      <Filter>3rdparty\glslang</Filter>
    </ClInclude>
    <ClInclude Include="..\..\..\3rdparty\glslang\glslang\MachineIndependent\glslang_tab.cpp.h">
      <Filter>3rdparty\glslang</Filter>
    </ClInclude>
    <ClInclude Include="..\..\..\3rdparty\glslang\glslang\MachineIndependent\Initialize.h">
      <Filter>3rdparty\glslang</Filter>
    </ClInclude>
    <ClInclude Include="..\..\..\3rdparty\glslang\glslang\MachineIndependent\localintermediate.h">
      <Filter>3rdparty\glslang</Filter>
    </ClInclude>
    <ClInclude Include="..\..\..\3rdparty\glslang\glslang\MachineIndependent\ParseHelper.h">
      <Filter>3rdparty\glslang</Filter>
    </ClInclude>
    <ClInclude Include="..\..\..\3rdparty\glslang\glslang\MachineIndependent\reflection.h">
      <Filter>3rdparty\glslang</Filter>
    </ClInclude>
    <ClInclude Include="..\..\..\3rdparty\glslang\glslang\MachineIndependent\RemoveTree.h">
      <Filter>3rdparty\glslang</Filter>
    </ClInclude>
    <ClInclude Include="..\..\..\3rdparty\glslang\glslang\MachineIndependent\Scan.h">
      <Filter>3rdparty\glslang</Filter>
    </ClInclude>
    <ClInclude Include="..\..\..\3rdparty\glslang\glslang\MachineIndependent\ScanContext.h">
      <Filter>3rdparty\glslang</Filter>
    </ClInclude>
    <ClInclude Include="..\..\..\3rdparty\glslang\glslang\MachineIndependent\SymbolTable.h">
      <Filter>3rdparty\glslang</Filter>
    </ClInclude>
    <ClInclude Include="..\..\..\3rdparty\glslang\glslang\MachineIndependent\Versions.h">
      <Filter>3rdparty\glslang</Filter>
    </ClInclude>
    <ClInclude Include="..\..\..\3rdparty\glslang\glslang\MachineIndependent\preprocessor\PpContext.h">
      <Filter>3rdparty\glslang</Filter>
    </ClInclude>
    <ClInclude Include="..\..\..\3rdparty\glslang\glslang\MachineIndependent\preprocessor\PpTokens.h">
      <Filter>3rdparty\glslang</Filter>
    </ClInclude>
    <ClInclude Include="..\..\..\3rdparty\glslang\glslang\OSDependent\osinclude.h">
      <Filter>3rdparty\glslang</Filter>
    </ClInclude>
    <ClInclude Include="..\..\..\3rdparty\glslang\glslang\Public\ShaderLang.h">
      <Filter>3rdparty\glslang</Filter>
    </ClInclude>
    <ClInclude Include="spirv_common.h" />
    <ClInclude Include="..\..\..\3rdparty\glslang\SPIRV\Logger.h">
      <Filter>3rdparty\glslang</Filter>
    </ClInclude>
    <ClInclude Include="..\..\..\3rdparty\glslang\glslang\MachineIndependent\propagateNoContraction.h">
      <Filter>3rdparty\glslang</Filter>
    </ClInclude>
    <ClInclude Include="..\..\..\3rdparty\glslang\glslang\MachineIndependent\iomapper.h">
      <Filter>3rdparty\glslang</Filter>
    </ClInclude>
    <ClInclude Include="..\..\..\3rdparty\glslang\glslang\MachineIndependent\LiveTraverser.h">
      <Filter>3rdparty\glslang</Filter>
    </ClInclude>
    <ClInclude Include="..\..\..\3rdparty\glslang\SPIRV\hex_float.h">
      <Filter>3rdparty\glslang</Filter>
    </ClInclude>
    <ClInclude Include="..\..\..\3rdparty\glslang\SPIRV\bitutils.h">
      <Filter>3rdparty\glslang</Filter>
    </ClInclude>
    <ClInclude Include="..\..\..\3rdparty\glslang\SPIRV\GLSL.ext.KHR.h">
      <Filter>3rdparty\glslang</Filter>
    </ClInclude>
    <ClInclude Include="..\..\..\3rdparty\glslang\SPIRV\GLSL.ext.AMD.h">
      <Filter>3rdparty\glslang</Filter>
    </ClInclude>
    <ClInclude Include="..\..\..\3rdparty\glslang\SPIRV\GLSL.ext.NV.h">
      <Filter>3rdparty\glslang</Filter>
    </ClInclude>
    <ClInclude Include="precompiled.h">
      <Filter>PCH</Filter>
    </ClInclude>
    <ClInclude Include="spirv_editor.h" />
    <ClInclude Include="..\..\..\3rdparty\glslang\SPIRV\GLSL.ext.EXT.h">
      <Filter>3rdparty\glslang</Filter>
    </ClInclude>
    <ClInclude Include="..\..\..\3rdparty\glslang\glslang\MachineIndependent\attribute.h">
      <Filter>3rdparty\glslang</Filter>
    </ClInclude>
    <ClInclude Include="..\..\..\3rdparty\glslang\SPIRV\SpvTools.h">
      <Filter>3rdparty\glslang</Filter>
    </ClInclude>
    <ClInclude Include="spirv_compile.h" />
    <ClInclude Include="glslang_compile.h" />
    <ClInclude Include="spirv_reflect.h" />
  </ItemGroup>
</Project>