
Microsoft Visual Studio Solution File, Format Version 12.00
# Visual Studio 14
VisualStudioVersion = 14.0.25420.1
MinimumVisualStudioVersion = 10.0.40219.1
Project("{2150E333-8FDC-42A3-9474-1A3956D46DE8}") = "UI", "UI", "{89059266-9C4E-4637-AB1D-BFF1DC15096B}"
EndProject
Project("{8BC9CEB8-8B4A-11D0-8D11-00A0C91BC942}") = "qrenderdoc", "qrenderdoc\qrenderdoc_local.vcxproj", "{A14A6AE5-02B1-35FE-BE59-B3E7C273B40B}"
EndProject
Project("{8BC9CEB8-8B4A-11D0-8D11-00A0C91BC942}") = "renderdoc", "renderdoc\renderdoc.vcxproj", "{E2B46D67-90E2-40B6-9597-72930E7845E5}"
	ProjectSection(ProjectDependencies) = postProject
		{7893E300-3ED0-7F4C-158F-67EA63934C57} = {7893E300-3ED0-7F4C-158F-67EA63934C57}
		{EC847717-119A-2391-0477-212E1140082C} = {EC847717-119A-2391-0477-212E1140082C}
		{B7399F39-300F-450E-F471-9490F959D2A7} = {B7399F39-300F-450E-F471-9490F959D2A7}
		{EA1242CF-BB42-B1AC-9B6A-A508D96D1CB7} = {EA1242CF-BB42-B1AC-9B6A-A508D96D1CB7}
		{40349AD9-5558-4DF4-84E2-11934DE90A11} = {40349AD9-5558-4DF4-84E2-11934DE90A11}
	EndProjectSection
EndProject
Project("{2150E333-8FDC-42A3-9474-1A3956D46DE8}") = "DLL", "DLL", "{B1FB29A4-9C48-4D47-BAEF-CF14CB2A40A3}"
EndProject
Project("{8BC9CEB8-8B4A-11D0-8D11-00A0C91BC942}") = "renderdoccmd", "renderdoccmd\renderdoccmd.vcxproj", "{D03DF2F9-513C-4084-BBDD-1DEE8D9250D7}"
	ProjectSection(ProjectDependencies) = postProject
		{7893E300-3ED0-7F4C-158F-67EA63934C57} = {7893E300-3ED0-7F4C-158F-67EA63934C57}
		{EC847717-119A-2391-0477-212E1140082C} = {EC847717-119A-2391-0477-212E1140082C}
		{B7399F39-300F-450E-F471-9490F959D2A7} = {B7399F39-300F-450E-F471-9490F959D2A7}
		{E2B46D67-90E2-40B6-9597-72930E7845E5} = {E2B46D67-90E2-40B6-9597-72930E7845E5}
		{EA1242CF-BB42-B1AC-9B6A-A508D96D1CB7} = {EA1242CF-BB42-B1AC-9B6A-A508D96D1CB7}
	EndProjectSection
EndProject
Project("{2150E333-8FDC-42A3-9474-1A3956D46DE8}") = "Utility", "Utility", "{B5A783D9-AEB9-420D-8E77-D4D930F8D88C}"
EndProject
Project("{2150E333-8FDC-42A3-9474-1A3956D46DE8}") = "breakpad", "breakpad", "{9B86ABCF-0A48-41CE-B109-FFA08D80F345}"
EndProject
Project("{8BC9CEB8-8B4A-11D0-8D11-00A0C91BC942}") = "breakpad_common", "renderdoc\3rdparty\breakpad\client\windows\common.vcxproj", "{EA1242CF-BB42-B1AC-9B6A-A508D96D1CB7}"
EndProject
Project("{8BC9CEB8-8B4A-11D0-8D11-00A0C91BC942}") = "crash_generation_client", "renderdoc\3rdparty\breakpad\client\windows\crash_generation\crash_generation_client.vcxproj", "{EC847717-119A-2391-0477-212E1140082C}"
EndProject
Project("{8BC9CEB8-8B4A-11D0-8D11-00A0C91BC942}") = "crash_generation_server", "renderdoc\3rdparty\breakpad\client\windows\crash_generation\crash_generation_server.vcxproj", "{7893E300-3ED0-7F4C-158F-67EA63934C57}"
EndProject
Project("{8BC9CEB8-8B4A-11D0-8D11-00A0C91BC942}") = "exception_handler", "renderdoc\3rdparty\breakpad\client\windows\handler\exception_handler.vcxproj", "{B7399F39-300F-450E-F471-9490F959D2A7}"
EndProject
Project("{8BC9CEB8-8B4A-11D0-8D11-00A0C91BC942}") = "renderdocshim", "renderdocshim\renderdocshim.vcxproj", "{6DEE3F12-F2F8-42CA-865A-578D0FD11387}"
EndProject
Project("{2150E333-8FDC-42A3-9474-1A3956D46DE8}") = "drivers", "drivers", "{864A44B0-5612-451A-857F-41E3EF785EF6}"
EndProject
Project("{2150E333-8FDC-42A3-9474-1A3956D46DE8}") = "shaders", "shaders", "{DB2DDA74-A668-4AC7-A1D5-198C9F0BD242}"
EndProject
Project("{2150E333-8FDC-42A3-9474-1A3956D46DE8}") = "IHV", "IHV", "{4DA2F3E3-9A65-45DD-A69B-82C7757D4904}"
EndProject
Project("{8BC9CEB8-8B4A-11D0-8D11-00A0C91BC942}") = "AMD", "renderdoc\driver\ihv\amd\AMD.vcxproj", "{5DE5A561-548A-4DD7-90F0-06A2B39EAE9A}"
EndProject
Project("{8BC9CEB8-8B4A-11D0-8D11-00A0C91BC942}") = "spirv", "renderdoc\driver\shaders\spirv\renderdoc_spirv.vcxproj", "{0AAE0AD1-371B-4A36-9ED1-80E10E960605}"
EndProject
Project("{8BC9CEB8-8B4A-11D0-8D11-00A0C91BC942}") = "dxgi", "renderdoc\driver\dxgi\renderdoc_dxgi.vcxproj", "{2A793574-BD3C-46D4-9788-C339D9550CE1}"
EndProject
Project("{8BC9CEB8-8B4A-11D0-8D11-00A0C91BC942}") = "dxbc", "renderdoc\driver\shaders\dxbc\renderdoc_dxbc.vcxproj", "{C43FF27E-A155-4852-88EC-5CE9334C07A8}"
EndProject
Project("{8BC9CEB8-8B4A-11D0-8D11-00A0C91BC942}") = "d3d11", "renderdoc\driver\d3d11\renderdoc_d3d11.vcxproj", "{F1E59A05-60D4-4927-9E57-DD191EAE90EF}"
EndProject
Project("{8BC9CEB8-8B4A-11D0-8D11-00A0C91BC942}") = "d3d8", "renderdoc\driver\d3d8\renderdoc_d3d8.vcxproj", "{9C4487E8-EEB0-4A7F-BD81-23F81CD24E22}"
EndProject
Project("{8BC9CEB8-8B4A-11D0-8D11-00A0C91BC942}") = "d3d9", "renderdoc\driver\d3d9\renderdoc_d3d9.vcxproj", "{44044776-9469-4079-B587-ABFFF6574AA4}"
EndProject
Project("{8BC9CEB8-8B4A-11D0-8D11-00A0C91BC942}") = "vulkan", "renderdoc\driver\vulkan\renderdoc_vulkan.vcxproj", "{88C5DAC6-30A0-4CFD-AF51-540A977D1F3F}"
EndProject
Project("{8BC9CEB8-8B4A-11D0-8D11-00A0C91BC942}") = "gl", "renderdoc\driver\gl\renderdoc_gl.vcxproj", "{F92FCDA6-A261-4EEC-9CD0-73A11FBCC459}"
EndProject
Project("{8BC9CEB8-8B4A-11D0-8D11-00A0C91BC942}") = "d3d12", "renderdoc\driver\d3d12\renderdoc_d3d12.vcxproj", "{9E6B10A2-84B4-434D-ABDB-43BE4EA650F4}"
EndProject
Project("{2150E333-8FDC-42A3-9474-1A3956D46DE8}") = "Python Modules", "Python Modules", "{A0E6051E-4374-42E0-9F3C-28DFC64A1029}"
EndProject
Project("{8BC9CEB8-8B4A-11D0-8D11-00A0C91BC942}") = "pyrenderdoc_module", "qrenderdoc\Code\pyrenderdoc\pyrenderdoc_module.vcxproj", "{A8998B2D-652A-47F8-955B-5654B222B4EB}"
EndProject
Project("{8BC9CEB8-8B4A-11D0-8D11-00A0C91BC942}") = "qrenderdoc_module", "qrenderdoc\Code\pyrenderdoc\qrenderdoc_module.vcxproj", "{61157930-78C3-4355-8B49-4CC91B98F17B}"
EndProject
Project("{8BC9CEB8-8B4A-11D0-8D11-00A0C91BC942}") = "version", "renderdoc\renderdoc_version.vcxproj", "{257FD75C-4D17-4A23-A754-23BFD85887A0}"
EndProject
Project("{8BC9CEB8-8B4A-11D0-8D11-00A0C91BC942}") = "renderdocui_stub", "qrenderdoc\renderdocui_stub.vcxproj", "{37955C79-D91D-423F-8C6C-8F5BCF4F28D4}"
EndProject
Project("{8BC9CEB8-8B4A-11D0-8D11-00A0C91BC942}") = "NV", "renderdoc\driver\ihv\nv\NV.vcxproj", "{40349AD9-5558-4DF4-84E2-11934DE90A11}"
EndProject
Project("{8BC9CEB8-8B4A-11D0-8D11-00A0C91BC942}") = "Intel", "renderdoc\driver\ihv\intel\Intel.vcxproj", "{7FCB5FC5-1DBD-4DA6-83A0-6BA4E945BDA5}"
EndProject
Global
	GlobalSection(SolutionConfigurationPlatforms) = preSolution
		Development|x64 = Development|x64
		Development|x86 = Development|x86
		Release|x64 = Release|x64
		Release|x86 = Release|x86
	EndGlobalSection
	GlobalSection(ProjectConfigurationPlatforms) = postSolution
		{A14A6AE5-02B1-35FE-BE59-B3E7C273B40B}.Development|x64.ActiveCfg = Development|x64
		{A14A6AE5-02B1-35FE-BE59-B3E7C273B40B}.Development|x64.Build.0 = Development|x64
		{A14A6AE5-02B1-35FE-BE59-B3E7C273B40B}.Development|x86.ActiveCfg = Development|Win32
		{A14A6AE5-02B1-35FE-BE59-B3E7C273B40B}.Development|x86.Build.0 = Development|Win32
		{A14A6AE5-02B1-35FE-BE59-B3E7C273B40B}.Release|x64.ActiveCfg = Release|x64
		{A14A6AE5-02B1-35FE-BE59-B3E7C273B40B}.Release|x64.Build.0 = Release|x64
		{A14A6AE5-02B1-35FE-BE59-B3E7C273B40B}.Release|x86.ActiveCfg = Release|Win32
		{A14A6AE5-02B1-35FE-BE59-B3E7C273B40B}.Release|x86.Build.0 = Release|Win32
		{E2B46D67-90E2-40B6-9597-72930E7845E5}.Development|x64.ActiveCfg = Development|x64
		{E2B46D67-90E2-40B6-9597-72930E7845E5}.Development|x64.Build.0 = Development|x64
		{E2B46D67-90E2-40B6-9597-72930E7845E5}.Development|x86.ActiveCfg = Development|Win32
		{E2B46D67-90E2-40B6-9597-72930E7845E5}.Development|x86.Build.0 = Development|Win32
		{E2B46D67-90E2-40B6-9597-72930E7845E5}.Release|x64.ActiveCfg = Release|x64
		{E2B46D67-90E2-40B6-9597-72930E7845E5}.Release|x64.Build.0 = Release|x64
		{E2B46D67-90E2-40B6-9597-72930E7845E5}.Release|x86.ActiveCfg = Release|Win32
		{E2B46D67-90E2-40B6-9597-72930E7845E5}.Release|x86.Build.0 = Release|Win32
		{D03DF2F9-513C-4084-BBDD-1DEE8D9250D7}.Development|x64.ActiveCfg = Development|x64
		{D03DF2F9-513C-4084-BBDD-1DEE8D9250D7}.Development|x64.Build.0 = Development|x64
		{D03DF2F9-513C-4084-BBDD-1DEE8D9250D7}.Development|x86.ActiveCfg = Development|Win32
		{D03DF2F9-513C-4084-BBDD-1DEE8D9250D7}.Development|x86.Build.0 = Development|Win32
		{D03DF2F9-513C-4084-BBDD-1DEE8D9250D7}.Release|x64.ActiveCfg = Release|x64
		{D03DF2F9-513C-4084-BBDD-1DEE8D9250D7}.Release|x64.Build.0 = Release|x64
		{D03DF2F9-513C-4084-BBDD-1DEE8D9250D7}.Release|x86.ActiveCfg = Release|Win32
		{D03DF2F9-513C-4084-BBDD-1DEE8D9250D7}.Release|x86.Build.0 = Release|Win32
		{EA1242CF-BB42-B1AC-9B6A-A508D96D1CB7}.Development|x64.ActiveCfg = Development|x64
		{EA1242CF-BB42-B1AC-9B6A-A508D96D1CB7}.Development|x86.ActiveCfg = Development|Win32
		{EA1242CF-BB42-B1AC-9B6A-A508D96D1CB7}.Release|x64.ActiveCfg = Release|x64
		{EA1242CF-BB42-B1AC-9B6A-A508D96D1CB7}.Release|x64.Build.0 = Release|x64
		{EA1242CF-BB42-B1AC-9B6A-A508D96D1CB7}.Release|x86.ActiveCfg = Release|Win32
		{EA1242CF-BB42-B1AC-9B6A-A508D96D1CB7}.Release|x86.Build.0 = Release|Win32
		{EC847717-119A-2391-0477-212E1140082C}.Development|x64.ActiveCfg = Development|x64
		{EC847717-119A-2391-0477-212E1140082C}.Development|x86.ActiveCfg = Development|Win32
		{EC847717-119A-2391-0477-212E1140082C}.Release|x64.ActiveCfg = Release|x64
		{EC847717-119A-2391-0477-212E1140082C}.Release|x64.Build.0 = Release|x64
		{EC847717-119A-2391-0477-212E1140082C}.Release|x86.ActiveCfg = Release|Win32
		{EC847717-119A-2391-0477-212E1140082C}.Release|x86.Build.0 = Release|Win32
		{7893E300-3ED0-7F4C-158F-67EA63934C57}.Development|x64.ActiveCfg = Development|x64
		{7893E300-3ED0-7F4C-158F-67EA63934C57}.Development|x86.ActiveCfg = Development|Win32
		{7893E300-3ED0-7F4C-158F-67EA63934C57}.Release|x64.ActiveCfg = Release|x64
		{7893E300-3ED0-7F4C-158F-67EA63934C57}.Release|x64.Build.0 = Release|x64
		{7893E300-3ED0-7F4C-158F-67EA63934C57}.Release|x86.ActiveCfg = Release|Win32
		{7893E300-3ED0-7F4C-158F-67EA63934C57}.Release|x86.Build.0 = Release|Win32
		{B7399F39-300F-450E-F471-9490F959D2A7}.Development|x64.ActiveCfg = Development|x64
		{B7399F39-300F-450E-F471-9490F959D2A7}.Development|x86.ActiveCfg = Development|Win32
		{B7399F39-300F-450E-F471-9490F959D2A7}.Release|x64.ActiveCfg = Release|x64
		{B7399F39-300F-450E-F471-9490F959D2A7}.Release|x64.Build.0 = Release|x64
		{B7399F39-300F-450E-F471-9490F959D2A7}.Release|x86.ActiveCfg = Release|Win32
		{B7399F39-300F-450E-F471-9490F959D2A7}.Release|x86.Build.0 = Release|Win32
		{6DEE3F12-F2F8-42CA-865A-578D0FD11387}.Development|x64.ActiveCfg = Development|x64
		{6DEE3F12-F2F8-42CA-865A-578D0FD11387}.Development|x64.Build.0 = Development|x64
		{6DEE3F12-F2F8-42CA-865A-578D0FD11387}.Development|x86.ActiveCfg = Development|Win32
		{6DEE3F12-F2F8-42CA-865A-578D0FD11387}.Development|x86.Build.0 = Development|Win32
		{6DEE3F12-F2F8-42CA-865A-578D0FD11387}.Release|x64.ActiveCfg = Release|x64
		{6DEE3F12-F2F8-42CA-865A-578D0FD11387}.Release|x64.Build.0 = Release|x64
		{6DEE3F12-F2F8-42CA-865A-578D0FD11387}.Release|x86.ActiveCfg = Release|Win32
		{6DEE3F12-F2F8-42CA-865A-578D0FD11387}.Release|x86.Build.0 = Release|Win32
		{5DE5A561-548A-4DD7-90F0-06A2B39EAE9A}.Development|x64.ActiveCfg = Development|x64
		{5DE5A561-548A-4DD7-90F0-06A2B39EAE9A}.Development|x64.Build.0 = Development|x64
		{5DE5A561-548A-4DD7-90F0-06A2B39EAE9A}.Development|x86.ActiveCfg = Development|Win32
		{5DE5A561-548A-4DD7-90F0-06A2B39EAE9A}.Development|x86.Build.0 = Development|Win32
		{5DE5A561-548A-4DD7-90F0-06A2B39EAE9A}.Release|x64.ActiveCfg = Release|x64
		{5DE5A561-548A-4DD7-90F0-06A2B39EAE9A}.Release|x64.Build.0 = Release|x64
		{5DE5A561-548A-4DD7-90F0-06A2B39EAE9A}.Release|x86.ActiveCfg = Release|Win32
		{5DE5A561-548A-4DD7-90F0-06A2B39EAE9A}.Release|x86.Build.0 = Release|Win32
		{0AAE0AD1-371B-4A36-9ED1-80E10E960605}.Development|x64.ActiveCfg = Development|x64
		{0AAE0AD1-371B-4A36-9ED1-80E10E960605}.Development|x64.Build.0 = Development|x64
		{0AAE0AD1-371B-4A36-9ED1-80E10E960605}.Development|x86.ActiveCfg = Development|Win32
		{0AAE0AD1-371B-4A36-9ED1-80E10E960605}.Development|x86.Build.0 = Development|Win32
		{0AAE0AD1-371B-4A36-9ED1-80E10E960605}.Release|x64.ActiveCfg = Release|x64
		{0AAE0AD1-371B-4A36-9ED1-80E10E960605}.Release|x64.Build.0 = Release|x64
		{0AAE0AD1-371B-4A36-9ED1-80E10E960605}.Release|x86.ActiveCfg = Release|Win32
		{0AAE0AD1-371B-4A36-9ED1-80E10E960605}.Release|x86.Build.0 = Release|Win32
		{2A793574-BD3C-46D4-9788-C339D9550CE1}.Development|x64.ActiveCfg = Development|x64
		{2A793574-BD3C-46D4-9788-C339D9550CE1}.Development|x64.Build.0 = Development|x64
		{2A793574-BD3C-46D4-9788-C339D9550CE1}.Development|x86.ActiveCfg = Development|Win32
		{2A793574-BD3C-46D4-9788-C339D9550CE1}.Development|x86.Build.0 = Development|Win32
		{2A793574-BD3C-46D4-9788-C339D9550CE1}.Release|x64.ActiveCfg = Release|x64
		{2A793574-BD3C-46D4-9788-C339D9550CE1}.Release|x64.Build.0 = Release|x64
		{2A793574-BD3C-46D4-9788-C339D9550CE1}.Release|x86.ActiveCfg = Release|Win32
		{2A793574-BD3C-46D4-9788-C339D9550CE1}.Release|x86.Build.0 = Release|Win32
		{C43FF27E-A155-4852-88EC-5CE9334C07A8}.Development|x64.ActiveCfg = Development|x64
		{C43FF27E-A155-4852-88EC-5CE9334C07A8}.Development|x64.Build.0 = Development|x64
		{C43FF27E-A155-4852-88EC-5CE9334C07A8}.Development|x86.ActiveCfg = Development|Win32
		{C43FF27E-A155-4852-88EC-5CE9334C07A8}.Development|x86.Build.0 = Development|Win32
		{C43FF27E-A155-4852-88EC-5CE9334C07A8}.Release|x64.ActiveCfg = Release|x64
		{C43FF27E-A155-4852-88EC-5CE9334C07A8}.Release|x64.Build.0 = Release|x64
		{C43FF27E-A155-4852-88EC-5CE9334C07A8}.Release|x86.ActiveCfg = Release|Win32
		{C43FF27E-A155-4852-88EC-5CE9334C07A8}.Release|x86.Build.0 = Release|Win32
		{F1E59A05-60D4-4927-9E57-DD191EAE90EF}.Development|x64.ActiveCfg = Development|x64
		{F1E59A05-60D4-4927-9E57-DD191EAE90EF}.Development|x64.Build.0 = Development|x64
		{F1E59A05-60D4-4927-9E57-DD191EAE90EF}.Development|x86.ActiveCfg = Development|Win32
		{F1E59A05-60D4-4927-9E57-DD191EAE90EF}.Development|x86.Build.0 = Development|Win32
		{F1E59A05-60D4-4927-9E57-DD191EAE90EF}.Release|x64.ActiveCfg = Release|x64
		{F1E59A05-60D4-4927-9E57-DD191EAE90EF}.Release|x64.Build.0 = Release|x64
		{F1E59A05-60D4-4927-9E57-DD191EAE90EF}.Release|x86.ActiveCfg = Release|Win32
		{F1E59A05-60D4-4927-9E57-DD191EAE90EF}.Release|x86.Build.0 = Release|Win32
		{9C4487E8-EEB0-4A7F-BD81-23F81CD24E22}.Development|x64.ActiveCfg = Development|x64
		{9C4487E8-EEB0-4A7F-BD81-23F81CD24E22}.Development|x64.Build.0 = Development|x64
		{9C4487E8-EEB0-4A7F-BD81-23F81CD24E22}.Development|x86.ActiveCfg = Development|Win32
		{9C4487E8-EEB0-4A7F-BD81-23F81CD24E22}.Development|x86.Build.0 = Development|Win32
		{9C4487E8-EEB0-4A7F-BD81-23F81CD24E22}.Release|x64.ActiveCfg = Release|x64
		{9C4487E8-EEB0-4A7F-BD81-23F81CD24E22}.Release|x64.Build.0 = Release|x64
		{9C4487E8-EEB0-4A7F-BD81-23F81CD24E22}.Release|x86.ActiveCfg = Release|Win32
		{9C4487E8-EEB0-4A7F-BD81-23F81CD24E22}.Release|x86.Build.0 = Release|Win32
		{44044776-9469-4079-B587-ABFFF6574AA4}.Development|x64.ActiveCfg = Development|x64
		{44044776-9469-4079-B587-ABFFF6574AA4}.Development|x64.Build.0 = Development|x64
		{44044776-9469-4079-B587-ABFFF6574AA4}.Development|x86.ActiveCfg = Development|Win32
		{44044776-9469-4079-B587-ABFFF6574AA4}.Development|x86.Build.0 = Development|Win32
		{44044776-9469-4079-B587-ABFFF6574AA4}.Release|x64.ActiveCfg = Release|x64
		{44044776-9469-4079-B587-ABFFF6574AA4}.Release|x64.Build.0 = Release|x64
		{44044776-9469-4079-B587-ABFFF6574AA4}.Release|x86.ActiveCfg = Release|Win32
		{44044776-9469-4079-B587-ABFFF6574AA4}.Release|x86.Build.0 = Release|Win32
		{88C5DAC6-30A0-4CFD-AF51-540A977D1F3F}.Development|x64.ActiveCfg = Development|x64
		{88C5DAC6-30A0-4CFD-AF51-540A977D1F3F}.Development|x64.Build.0 = Development|x64
		{88C5DAC6-30A0-4CFD-AF51-540A977D1F3F}.Development|x86.ActiveCfg = Development|Win32
		{88C5DAC6-30A0-4CFD-AF51-540A977D1F3F}.Development|x86.Build.0 = Development|Win32
		{88C5DAC6-30A0-4CFD-AF51-540A977D1F3F}.Release|x64.ActiveCfg = Release|x64
		{88C5DAC6-30A0-4CFD-AF51-540A977D1F3F}.Release|x64.Build.0 = Release|x64
		{88C5DAC6-30A0-4CFD-AF51-540A977D1F3F}.Release|x86.ActiveCfg = Release|Win32
		{88C5DAC6-30A0-4CFD-AF51-540A977D1F3F}.Release|x86.Build.0 = Release|Win32
		{F92FCDA6-A261-4EEC-9CD0-73A11FBCC459}.Development|x64.ActiveCfg = Development|x64
		{F92FCDA6-A261-4EEC-9CD0-73A11FBCC459}.Development|x64.Build.0 = Development|x64
		{F92FCDA6-A261-4EEC-9CD0-73A11FBCC459}.Development|x86.ActiveCfg = Development|Win32
		{F92FCDA6-A261-4EEC-9CD0-73A11FBCC459}.Development|x86.Build.0 = Development|Win32
		{F92FCDA6-A261-4EEC-9CD0-73A11FBCC459}.Release|x64.ActiveCfg = Release|x64
		{F92FCDA6-A261-4EEC-9CD0-73A11FBCC459}.Release|x64.Build.0 = Release|x64
		{F92FCDA6-A261-4EEC-9CD0-73A11FBCC459}.Release|x86.ActiveCfg = Release|Win32
		{F92FCDA6-A261-4EEC-9CD0-73A11FBCC459}.Release|x86.Build.0 = Release|Win32
		{9E6B10A2-84B4-434D-ABDB-43BE4EA650F4}.Development|x64.ActiveCfg = Development|x64
		{9E6B10A2-84B4-434D-ABDB-43BE4EA650F4}.Development|x64.Build.0 = Development|x64
		{9E6B10A2-84B4-434D-ABDB-43BE4EA650F4}.Development|x86.ActiveCfg = Development|Win32
		{9E6B10A2-84B4-434D-ABDB-43BE4EA650F4}.Development|x86.Build.0 = Development|Win32
		{9E6B10A2-84B4-434D-ABDB-43BE4EA650F4}.Release|x64.ActiveCfg = Release|x64
		{9E6B10A2-84B4-434D-ABDB-43BE4EA650F4}.Release|x64.Build.0 = Release|x64
		{9E6B10A2-84B4-434D-ABDB-43BE4EA650F4}.Release|x86.ActiveCfg = Release|Win32
		{9E6B10A2-84B4-434D-ABDB-43BE4EA650F4}.Release|x86.Build.0 = Release|Win32
		{A8998B2D-652A-47F8-955B-5654B222B4EB}.Development|x64.ActiveCfg = Development|x64
		{A8998B2D-652A-47F8-955B-5654B222B4EB}.Development|x64.Build.0 = Development|x64
		{A8998B2D-652A-47F8-955B-5654B222B4EB}.Development|x86.ActiveCfg = Development|Win32
		{A8998B2D-652A-47F8-955B-5654B222B4EB}.Development|x86.Build.0 = Development|Win32
		{A8998B2D-652A-47F8-955B-5654B222B4EB}.Release|x64.ActiveCfg = Release|x64
		{A8998B2D-652A-47F8-955B-5654B222B4EB}.Release|x64.Build.0 = Release|x64
		{A8998B2D-652A-47F8-955B-5654B222B4EB}.Release|x86.ActiveCfg = Release|Win32
		{A8998B2D-652A-47F8-955B-5654B222B4EB}.Release|x86.Build.0 = Release|Win32
		{61157930-78C3-4355-8B49-4CC91B98F17B}.Development|x64.ActiveCfg = Development|x64
		{61157930-78C3-4355-8B49-4CC91B98F17B}.Development|x64.Build.0 = Development|x64
		{61157930-78C3-4355-8B49-4CC91B98F17B}.Development|x86.ActiveCfg = Development|Win32
		{61157930-78C3-4355-8B49-4CC91B98F17B}.Development|x86.Build.0 = Development|Win32
		{61157930-78C3-4355-8B49-4CC91B98F17B}.Release|x64.ActiveCfg = Release|x64
		{61157930-78C3-4355-8B49-4CC91B98F17B}.Release|x64.Build.0 = Release|x64
		{61157930-78C3-4355-8B49-4CC91B98F17B}.Release|x86.ActiveCfg = Release|Win32
		{61157930-78C3-4355-8B49-4CC91B98F17B}.Release|x86.Build.0 = Release|Win32
		{257FD75C-4D17-4A23-A754-23BFD85887A0}.Development|x64.ActiveCfg = Development|x64
		{257FD75C-4D17-4A23-A754-23BFD85887A0}.Development|x64.Build.0 = Development|x64
		{257FD75C-4D17-4A23-A754-23BFD85887A0}.Development|x86.ActiveCfg = Development|Win32
		{257FD75C-4D17-4A23-A754-23BFD85887A0}.Development|x86.Build.0 = Development|Win32
		{257FD75C-4D17-4A23-A754-23BFD85887A0}.Release|x64.ActiveCfg = Release|x64
		{257FD75C-4D17-4A23-A754-23BFD85887A0}.Release|x64.Build.0 = Release|x64
		{257FD75C-4D17-4A23-A754-23BFD85887A0}.Release|x86.ActiveCfg = Release|Win32
		{257FD75C-4D17-4A23-A754-23BFD85887A0}.Release|x86.Build.0 = Release|Win32
		{37955C79-D91D-423F-8C6C-8F5BCF4F28D4}.Development|x64.ActiveCfg = Development|x64
		{37955C79-D91D-423F-8C6C-8F5BCF4F28D4}.Development|x64.Build.0 = Development|x64
		{37955C79-D91D-423F-8C6C-8F5BCF4F28D4}.Development|x86.ActiveCfg = Development|Win32
		{37955C79-D91D-423F-8C6C-8F5BCF4F28D4}.Development|x86.Build.0 = Development|Win32
		{37955C79-D91D-423F-8C6C-8F5BCF4F28D4}.Release|x64.ActiveCfg = Release|x64
		{37955C79-D91D-423F-8C6C-8F5BCF4F28D4}.Release|x64.Build.0 = Release|x64
		{37955C79-D91D-423F-8C6C-8F5BCF4F28D4}.Release|x86.ActiveCfg = Release|Win32
		{37955C79-D91D-423F-8C6C-8F5BCF4F28D4}.Release|x86.Build.0 = Release|Win32
		{40349AD9-5558-4DF4-84E2-11934DE90A11}.Development|x64.ActiveCfg = Development|x64
		{40349AD9-5558-4DF4-84E2-11934DE90A11}.Development|x64.Build.0 = Development|x64
		{40349AD9-5558-4DF4-84E2-11934DE90A11}.Development|x86.ActiveCfg = Development|Win32
		{40349AD9-5558-4DF4-84E2-11934DE90A11}.Development|x86.Build.0 = Development|Win32
		{40349AD9-5558-4DF4-84E2-11934DE90A11}.Release|x64.ActiveCfg = Release|x64
		{40349AD9-5558-4DF4-84E2-11934DE90A11}.Release|x64.Build.0 = Release|x64
		{40349AD9-5558-4DF4-84E2-11934DE90A11}.Release|x86.ActiveCfg = Release|Win32
		{40349AD9-5558-4DF4-84E2-11934DE90A11}.Release|x86.Build.0 = Release|Win32
		{7FCB5FC5-1DBD-4DA6-83A0-6BA4E945BDA5}.Development|x64.ActiveCfg = Development|x64
		{7FCB5FC5-1DBD-4DA6-83A0-6BA4E945BDA5}.Development|x64.Build.0 = Development|x64
		{7FCB5FC5-1DBD-4DA6-83A0-6BA4E945BDA5}.Development|x86.ActiveCfg = Development|Win32
		{7FCB5FC5-1DBD-4DA6-83A0-6BA4E945BDA5}.Development|x86.Build.0 = Development|Win32
		{7FCB5FC5-1DBD-4DA6-83A0-6BA4E945BDA5}.Release|x64.ActiveCfg = Release|x64
		{7FCB5FC5-1DBD-4DA6-83A0-6BA4E945BDA5}.Release|x64.Build.0 = Release|x64
		{7FCB5FC5-1DBD-4DA6-83A0-6BA4E945BDA5}.Release|x86.ActiveCfg = Release|Win32
		{7FCB5FC5-1DBD-4DA6-83A0-6BA4E945BDA5}.Release|x86.Build.0 = Release|Win32
	EndGlobalSection
	GlobalSection(SolutionProperties) = preSolution
		HideSolutionNode = FALSE
	EndGlobalSection
	GlobalSection(NestedProjects) = preSolution
		{A14A6AE5-02B1-35FE-BE59-B3E7C273B40B} = {89059266-9C4E-4637-AB1D-BFF1DC15096B}
		{E2B46D67-90E2-40B6-9597-72930E7845E5} = {B1FB29A4-9C48-4D47-BAEF-CF14CB2A40A3}
		{D03DF2F9-513C-4084-BBDD-1DEE8D9250D7} = {B5A783D9-AEB9-420D-8E77-D4D930F8D88C}
		{9B86ABCF-0A48-41CE-B109-FFA08D80F345} = {B1FB29A4-9C48-4D47-BAEF-CF14CB2A40A3}
		{EA1242CF-BB42-B1AC-9B6A-A508D96D1CB7} = {9B86ABCF-0A48-41CE-B109-FFA08D80F345}
		{EC847717-119A-2391-0477-212E1140082C} = {9B86ABCF-0A48-41CE-B109-FFA08D80F345}
		{7893E300-3ED0-7F4C-158F-67EA63934C57} = {9B86ABCF-0A48-41CE-B109-FFA08D80F345}
		{B7399F39-300F-450E-F471-9490F959D2A7} = {9B86ABCF-0A48-41CE-B109-FFA08D80F345}
		{6DEE3F12-F2F8-42CA-865A-578D0FD11387} = {B5A783D9-AEB9-420D-8E77-D4D930F8D88C}
		{864A44B0-5612-451A-857F-41E3EF785EF6} = {B1FB29A4-9C48-4D47-BAEF-CF14CB2A40A3}
		{DB2DDA74-A668-4AC7-A1D5-198C9F0BD242} = {864A44B0-5612-451A-857F-41E3EF785EF6}
		{4DA2F3E3-9A65-45DD-A69B-82C7757D4904} = {864A44B0-5612-451A-857F-41E3EF785EF6}
		{5DE5A561-548A-4DD7-90F0-06A2B39EAE9A} = {4DA2F3E3-9A65-45DD-A69B-82C7757D4904}
		{0AAE0AD1-371B-4A36-9ED1-80E10E960605} = {DB2DDA74-A668-4AC7-A1D5-198C9F0BD242}
		{2A793574-BD3C-46D4-9788-C339D9550CE1} = {864A44B0-5612-451A-857F-41E3EF785EF6}
		{C43FF27E-A155-4852-88EC-5CE9334C07A8} = {DB2DDA74-A668-4AC7-A1D5-198C9F0BD242}
		{F1E59A05-60D4-4927-9E57-DD191EAE90EF} = {864A44B0-5612-451A-857F-41E3EF785EF6}
		{9C4487E8-EEB0-4A7F-BD81-23F81CD24E22} = {864A44B0-5612-451A-857F-41E3EF785EF6}
		{44044776-9469-4079-B587-ABFFF6574AA4} = {864A44B0-5612-451A-857F-41E3EF785EF6}
		{88C5DAC6-30A0-4CFD-AF51-540A977D1F3F} = {864A44B0-5612-451A-857F-41E3EF785EF6}
		{F92FCDA6-A261-4EEC-9CD0-73A11FBCC459} = {864A44B0-5612-451A-857F-41E3EF785EF6}
		{9E6B10A2-84B4-434D-ABDB-43BE4EA650F4} = {864A44B0-5612-451A-857F-41E3EF785EF6}
		{A0E6051E-4374-42E0-9F3C-28DFC64A1029} = {89059266-9C4E-4637-AB1D-BFF1DC15096B}
		{A8998B2D-652A-47F8-955B-5654B222B4EB} = {A0E6051E-4374-42E0-9F3C-28DFC64A1029}
		{61157930-78C3-4355-8B49-4CC91B98F17B} = {A0E6051E-4374-42E0-9F3C-28DFC64A1029}
		{257FD75C-4D17-4A23-A754-23BFD85887A0} = {B5A783D9-AEB9-420D-8E77-D4D930F8D88C}
		{37955C79-D91D-423F-8C6C-8F5BCF4F28D4} = {B5A783D9-AEB9-420D-8E77-D4D930F8D88C}
		{40349AD9-5558-4DF4-84E2-11934DE90A11} = {4DA2F3E3-9A65-45DD-A69B-82C7757D4904}
		{7FCB5FC5-1DBD-4DA6-83A0-6BA4E945BDA5} = {4DA2F3E3-9A65-45DD-A69B-82C7757D4904}
	EndGlobalSection
EndGlobal
