<?xml version="1.0" encoding="utf-8"?>
<Project ToolsVersion="4.0" xmlns="http://schemas.microsoft.com/developer/msbuild/2003">
  <ItemGroup>
    <Filter Include="Hooks">
      <UniqueIdentifier>{e8ea7d90-c407-4874-976a-8ddd36598382}</UniqueIdentifier>
    </Filter>
    <Filter Include="official">
      <UniqueIdentifier>{069c5202-e850-427b-9353-250795a60436}</UniqueIdentifier>
    </Filter>
    <Filter Include="Debug">
      <UniqueIdentifier>{c6b1027e-abd1-4f79-828a-ad40bd685453}</UniqueIdentifier>
    </Filter>
    <Filter Include="Common">
      <UniqueIdentifier>{503975e6-f4c0-4efc-8ff1-77e4082c5998}</UniqueIdentifier>
    </Filter>
    <Filter Include="Replay">
      <UniqueIdentifier>{03d937fd-e33a-4b97-aa7e-5f2990163c9b}</UniqueIdentifier>
    </Filter>
    <Filter Include="PCH">
      <UniqueIdentifier>{3442a8df-5f4a-49c7-bbf4-854c57362fd3}</UniqueIdentifier>
    </Filter>
  </ItemGroup>
  <ItemGroup>
    <ClCompile Include="d3d9_hooks.cpp">
      <Filter>Hooks</Filter>
    </ClCompile>
    <ClCompile Include="d3d9_debug.cpp">
      <Filter>Debug</Filter>
    </ClCompile>
    <ClCompile Include="d3d9_device.cpp">
      <Filter>Common</Filter>
    </ClCompile>
    <ClCompile Include="d3d9_common.cpp">
      <Filter>Common</Filter>
    </ClCompile>
    <ClCompile Include="d3d9_replay.cpp">
      <Filter>Replay</Filter>
    </ClCompile>
    <ClCompile Include="precompiled.cpp">
      <Filter>PCH</Filter>
    </ClCompile>
  </ItemGroup>
  <ItemGroup>
    <ClInclude Include="..\dx\official\d3d9.h">
      <Filter>official</Filter>
    </ClInclude>
    <ClInclude Include="..\dx\official\d3dcommon.h">
      <Filter>official</Filter>
    </ClInclude>
    <ClInclude Include="..\dx\official\d3dcompiler.h">
      <Filter>official</Filter>
    </ClInclude>
    <ClInclude Include="..\dx\official\d3d9caps.h">
      <Filter>official</Filter>
    </ClInclude>
    <ClInclude Include="..\dx\official\d3d9types.h">
      <Filter>official</Filter>
    </ClInclude>
    <ClInclude Include="d3d9_debug.h">
      <Filter>Debug</Filter>
    </ClInclude>
    <ClInclude Include="d3d9_device.h">
      <Filter>Common</Filter>
    </ClInclude>
    <ClInclude Include="d3d9_common.h">
      <Filter>Common</Filter>
    </ClInclude>
    <ClInclude Include="precompiled.h">
      <Filter>PCH</Filter>
    </ClInclude>
  </ItemGroup>
</Project>