<?xml version="1.0" encoding="utf-8"?>
<Project ToolsVersion="4.0" xmlns="http://schemas.microsoft.com/developer/msbuild/2003">
  <ItemGroup>
    <Filter Include="Hooks">
      <UniqueIdentifier>{5CAAA42F-25FF-43DD-B545-E7ADB5135418}</UniqueIdentifier>
    </Filter>
    <Filter Include="official">
      <UniqueIdentifier>{87CAD3D6-BA09-4D6E-84CF-29B8DC5A5B0A}</UniqueIdentifier>
    </Filter>
    <Filter Include="Debug">
      <UniqueIdentifier>{6056F6EB-A9BC-4B50-B205-461B7580977B}</UniqueIdentifier>
    </Filter>
    <Filter Include="Common">
      <UniqueIdentifier>{B9341B0E-2A54-415C-AF54-29D67D2325A2}</UniqueIdentifier>
    </Filter>
    <Filter Include="Replay">
      <UniqueIdentifier>{7D6E973E-947D-4EAA-AFB4-DA33987ED452}</UniqueIdentifier>
    </Filter>
    <Filter Include="PCH">
      <UniqueIdentifier>{74FA3D85-A524-442D-9682-BB832AB5E136}</UniqueIdentifier>
    </Filter>
    <Filter Include="Util">
      <UniqueIdentifier>{025d23be-15d8-4d7d-bcbb-5899d5984f30}</UniqueIdentifier>
    </Filter>
  </ItemGroup>
  <ItemGroup>
    <ClCompile Include="d3d8_hooks.cpp">
      <Filter>Hooks</Filter>
    </ClCompile>
    <ClCompile Include="d3d8_debug.cpp">
      <Filter>Debug</Filter>
    </ClCompile>
    <ClCompile Include="d3d8_device.cpp">
      <Filter>Common</Filter>
    </ClCompile>
    <ClCompile Include="d3d8_common.cpp">
      <Filter>Common</Filter>
    </ClCompile>
    <ClCompile Include="d3d8_replay.cpp">
      <Filter>Replay</Filter>
    </ClCompile>
    <ClCompile Include="precompiled.cpp">
      <Filter>PCH</Filter>
    </ClCompile>
    <ClCompile Include="d3d8_manager.cpp">
      <Filter>Util</Filter>
    </ClCompile>
    <ClCompile Include="d3d8_resources.cpp">
      <Filter>Util</Filter>
    </ClCompile>
  </ItemGroup>
  <ItemGroup>
    <ClInclude Include="..\dx\official\d3d8.h">
      <Filter>official</Filter>
    </ClInclude>
    <ClInclude Include="..\dx\official\d3dcommon.h">
      <Filter>official</Filter>
    </ClInclude>
    <ClInclude Include="..\dx\official\d3dcompiler.h">
      <Filter>official</Filter>
    </ClInclude>
    <ClInclude Include="..\dx\official\d3d8caps.h">
      <Filter>official</Filter>
    </ClInclude>
    <ClInclude Include="..\dx\official\d3d8types.h">
      <Filter>official</Filter>
    </ClInclude>
    <ClInclude Include="d3d8_debug.h">
      <Filter>Debug</Filter>
    </ClInclude>
    <ClInclude Include="d3d8_device.h">
      <Filter>Common</Filter>
    </ClInclude>
    <ClInclude Include="d3d8_common.h">
      <Filter>Common</Filter>
    </ClInclude>
    <ClInclude Include="precompiled.h">
      <Filter>PCH</Filter>
    </ClInclude>
    <ClInclude Include="d3d8_resources.h">
      <Filter>Util</Filter>
    </ClInclude>
    <ClInclude Include="d3d8_manager.h">
      <Filter>Util</Filter>
    </ClInclude>
  </ItemGroup>
</Project>