<?xml version="1.0" encoding="utf-8"?>
<Project ToolsVersion="4.0" xmlns="http://schemas.microsoft.com/developer/msbuild/2003">
  <ItemGroup>
    <Filter Include="official">
      <UniqueIdentifier>{069c5202-e850-427b-9353-250795a60436}</UniqueIdentifier>
    </Filter>
    <Filter Include="Hooks">
      <UniqueIdentifier>{289782b2-c6ba-41f5-b33d-762f96c89f3c}</UniqueIdentifier>
    </Filter>
    <Filter Include="Util">
      <UniqueIdentifier>{7babebac-14e5-49cf-ad9e-7fec2beeb335}</UniqueIdentifier>
    </Filter>
    <Filter Include="Core IFaces">
      <UniqueIdentifier>{9064cb3c-1739-4405-8bea-11c5e2feb512}</UniqueIdentifier>
    </Filter>
    <Filter Include="Wrapped">
      <UniqueIdentifier>{b66407e3-297a-4a8d-bdae-09468c64ca18}</UniqueIdentifier>
    </Filter>
    <Filter Include="Replay">
      <UniqueIdentifier>{97a405db-4782-4c62-b6c1-ca6a398c6a60}</UniqueIdentifier>
    </Filter>
    <Filter Include="PCH">
      <UniqueIdentifier>{37c1f76c-3853-4afe-85a2-b0438d775f3c}</UniqueIdentifier>
    </Filter>
  </ItemGroup>
  <ItemGroup>
    <ClInclude Include="..\dx\official\d3d12.h">
      <Filter>official</Filter>
    </ClInclude>
    <ClInclude Include="..\dx\official\d3d12sdklayers.h">
      <Filter>official</Filter>
    </ClInclude>
    <ClInclude Include="d3d12_common.h">
      <Filter>Util</Filter>
    </ClInclude>
    <ClInclude Include="d3d12_device.h">
      <Filter>Core IFaces</Filter>
    </ClInclude>
    <ClInclude Include="d3d12_manager.h">
      <Filter>Util</Filter>
    </ClInclude>
    <ClInclude Include="d3d12_resources.h">
      <Filter>Util</Filter>
    </ClInclude>
    <ClInclude Include="d3d12_command_list.h">
      <Filter>Core IFaces</Filter>
    </ClInclude>
    <ClInclude Include="d3d12_command_queue.h">
      <Filter>Core IFaces</Filter>
    </ClInclude>
    <ClInclude Include="d3d12_replay.h">
      <Filter>Replay</Filter>
    </ClInclude>
    <ClInclude Include="d3d12_debug.h">
      <Filter>Replay</Filter>
    </ClInclude>
    <ClInclude Include="d3d12_commands.h">
      <Filter>Core IFaces</Filter>
    </ClInclude>
    <ClInclude Include="d3d12_state.h">
      <Filter>Util</Filter>
    </ClInclude>
    <ClInclude Include="precompiled.h">
      <Filter>PCH</Filter>
    </ClInclude>
    <ClInclude Include="d3d12_shader_cache.h">
      <Filter>Util</Filter>
    </ClInclude>
    <ClInclude Include="d3d12_rendertext.h">
      <Filter>Util</Filter>
    </ClInclude>
    <ClInclude Include="..\dx\official\D3D12Downlevel.h">
      <Filter>official</Filter>
    </ClInclude>
    <ClInclude Include="..\dx\official\D3D11On12On7.h">
      <Filter>official</Filter>
    </ClInclude>
    <ClInclude Include="d3d12_hooks.h">
      <Filter>Hooks</Filter>
    </ClInclude>
    <ClInclude Include="d3d12_dxil_debug.h">
      <Filter>Util</Filter>
    </ClInclude>
    <ClInclude Include="d3d12_shaderdebug.h">
      <Filter>Replay</Filter>
    </ClInclude>
  </ItemGroup>
  <ItemGroup>
    <ClCompile Include="d3d12_common.cpp">
      <Filter>Util</Filter>
    </ClCompile>
    <ClCompile Include="d3d12_hooks.cpp">
      <Filter>Hooks</Filter>
    </ClCompile>
    <ClCompile Include="d3d12_device.cpp">
      <Filter>Core IFaces</Filter>
    </ClCompile>
    <ClCompile Include="d3d12_manager.cpp">
      <Filter>Util</Filter>
    </ClCompile>
    <ClCompile Include="d3d12_device_wrap.cpp">
      <Filter>Wrapped</Filter>
    </ClCompile>
    <ClCompile Include="d3d12_resources.cpp">
      <Filter>Util</Filter>
    </ClCompile>
    <ClCompile Include="d3d12_command_queue_wrap.cpp">
      <Filter>Wrapped</Filter>
    </ClCompile>
    <ClCompile Include="d3d12_command_list_wrap.cpp">
      <Filter>Wrapped</Filter>
    </ClCompile>
    <ClCompile Include="d3d12_commands.cpp">
      <Filter>Core IFaces</Filter>
    </ClCompile>
    <ClCompile Include="d3d12_replay.cpp">
      <Filter>Replay</Filter>
    </ClCompile>
    <ClCompile Include="d3d12_debug.cpp">
      <Filter>Replay</Filter>
    </ClCompile>
    <ClCompile Include="d3d12_state.cpp">
      <Filter>Util</Filter>
    </ClCompile>
    <ClCompile Include="d3d12_counters.cpp">
      <Filter>Replay</Filter>
    </ClCompile>
    <ClCompile Include="precompiled.cpp">
      <Filter>PCH</Filter>
    </ClCompile>
    <ClCompile Include="d3d12_stringise.cpp">
      <Filter>Util</Filter>
    </ClCompile>
    <ClCompile Include="d3d12_initstate.cpp">
      <Filter>Util</Filter>
    </ClCompile>
    <ClCompile Include="d3d12_serialise.cpp">
      <Filter>Util</Filter>
    </ClCompile>
    <ClCompile Include="d3d12_postvs.cpp">
      <Filter>Replay</Filter>
    </ClCompile>
    <ClCompile Include="d3d12_overlay.cpp">
      <Filter>Replay</Filter>
    </ClCompile>
    <ClCompile Include="d3d12_outputwindow.cpp">
      <Filter>Replay</Filter>
    </ClCompile>
    <ClCompile Include="d3d12_rendermesh.cpp">
      <Filter>Replay</Filter>
    </ClCompile>
    <ClCompile Include="d3d12_rendertexture.cpp">
      <Filter>Replay</Filter>
    </ClCompile>
    <ClCompile Include="d3d12_shader_cache.cpp">
      <Filter>Util</Filter>
    </ClCompile>
    <ClCompile Include="d3d12_rendertext.cpp">
      <Filter>Util</Filter>
    </ClCompile>
    <ClCompile Include="d3d12_command_list1_wrap.cpp">
      <Filter>Wrapped</Filter>
    </ClCompile>
    <ClCompile Include="d3d12_msaa_array_conv.cpp">
      <Filter>Replay</Filter>
    </ClCompile>
    <ClCompile Include="d3d12_device_wrap2.cpp">
      <Filter>Wrapped</Filter>
    </ClCompile>
    <ClCompile Include="d3d12_device_wrap1.cpp">
      <Filter>Wrapped</Filter>
    </ClCompile>
    <ClCompile Include="d3d12_command_list2_wrap.cpp">
      <Filter>Wrapped</Filter>
    </ClCompile>
    <ClCompile Include="d3d12_command_list3_wrap.cpp">
      <Filter>Wrapped</Filter>
    </ClCompile>
    <ClCompile Include="d3d12_device_wrap3.cpp">
      <Filter>Wrapped</Filter>
    </ClCompile>
    <ClCompile Include="d3d12_device_wrap4.cpp">
      <Filter>Wrapped</Filter>
    </ClCompile>
    <ClCompile Include="d3d12_device_wrap5.cpp">
      <Filter>Wrapped</Filter>
    </ClCompile>
    <ClCompile Include="d3d12_command_list4_wrap.cpp">
      <Filter>Wrapped</Filter>
    </ClCompile>
    <ClCompile Include="d3d12_command_list5_wrap.cpp">
      <Filter>Wrapped</Filter>
    </ClCompile>
    <ClCompile Include="d3d12_shaderdebug.cpp">
      <Filter>Replay</Filter>
    </ClCompile>
    <ClCompile Include="d3d12_command_list6_wrap.cpp">
      <Filter>Wrapped</Filter>
    </ClCompile>
    <ClCompile Include="d3d12_device_wrap6.cpp">
      <Filter>Wrapped</Filter>
    </ClCompile>
    <ClCompile Include="d3d12_device_wrap7.cpp">
      <Filter>Wrapped</Filter>
    </ClCompile>
    <ClCompile Include="d3d12_device_wrap8.cpp">
      <Filter>Wrapped</Filter>
    </ClCompile>
    <ClCompile Include="d3d12_device_wrap9.cpp">
      <Filter>Wrapped</Filter>
    </ClCompile>
    <ClCompile Include="d3d12_sdk_select.cpp">
      <Filter>Util</Filter>
    </ClCompile>
    <ClCompile Include="d3d12_shader_feedback.cpp">
      <Filter>Replay</Filter>
    </ClCompile>
    <ClCompile Include="d3d12_device_wrap11.cpp">
      <Filter>Wrapped</Filter>
    </ClCompile>
    <ClCompile Include="d3d12_device_wrap12.cpp">
      <Filter>Wrapped</Filter>
    </ClCompile>
    <ClCompile Include="d3d12_command_list8_wrap.cpp">
      <Filter>Wrapped</Filter>
    </ClCompile>
    <ClCompile Include="d3d12_command_list9_wrap.cpp">
      <Filter>Wrapped</Filter>
    </ClCompile>
    <ClCompile Include="d3d12_command_list7_wrap.cpp">
      <Filter>Wrapped</Filter>
    </ClCompile>
    <ClCompile Include="d3d12_device_rescreate_wrap.cpp">
      <Filter>Wrapped</Filter>
    </ClCompile>
    <ClCompile Include="d3d12_pixelhistory.cpp">
      <Filter>Replay</Filter>
    </ClCompile>
    <ClCompile Include="d3d12_dxil_debug.cpp">
      <Filter>Util</Filter>
    </ClCompile>
  </ItemGroup>
</Project>