<?xml version="1.0" encoding="utf-8"?>
<Project ToolsVersion="4.0" xmlns="http://schemas.microsoft.com/developer/msbuild/2003">
  <ItemGroup>
    <Filter Include="Common">
      <UniqueIdentifier>{97bbc5c9-b6a8-429b-a2d6-16fea62eed1a}</UniqueIdentifier>
    </Filter>
    <Filter Include="Common\Serialise">
      <UniqueIdentifier>{ff594035-e059-4ceb-a85c-ec4dbc83d029}</UniqueIdentifier>
    </Filter>
    <Filter Include="Replay">
      <UniqueIdentifier>{205098b7-5360-41d3-b186-6fe15b1b4e4b}</UniqueIdentifier>
    </Filter>
    <Filter Include="Resources">
      <UniqueIdentifier>{c1ae2bd1-c932-42f6-8997-a4553322bdfa}</UniqueIdentifier>
    </Filter>
    <Filter Include="Common\Maths">
      <UniqueIdentifier>{0e2454ca-656b-499c-bb19-07cf1da7e703}</UniqueIdentifier>
    </Filter>
    <Filter Include="hooks">
      <UniqueIdentifier>{3e51a921-b167-4794-937d-e77573a928b8}</UniqueIdentifier>
    </Filter>
    <Filter Include="hooks\libs">
      <UniqueIdentifier>{669b3fbf-5c6d-4c5a-b013-4e28ad5a01a7}</UniqueIdentifier>
    </Filter>
    <Filter Include="Core">
      <UniqueIdentifier>{a9a0e0ca-e0e6-4ebb-a21e-f971943c46ba}</UniqueIdentifier>
    </Filter>
    <Filter Include="Drivers">
      <UniqueIdentifier>{358bfcbf-2408-42ff-b4b1-29de135a0fc4}</UniqueIdentifier>
    </Filter>
    <Filter Include="Drivers\D3D11">
      <UniqueIdentifier>{a8f3f549-4980-4c2f-8fa4-989c22755f07}</UniqueIdentifier>
    </Filter>
    <Filter Include="Drivers\D3D11\shaders">
      <UniqueIdentifier>{fcdcbe00-6b01-4234-9a3b-cc019f88a8ed}</UniqueIdentifier>
    </Filter>
    <Filter Include="Drivers\DXGI">
      <UniqueIdentifier>{a9f6ac9b-cc6a-4449-be40-a3fad76a0067}</UniqueIdentifier>
    </Filter>
    <Filter Include="OS">
      <UniqueIdentifier>{ffbf4a4f-115e-415f-a800-b372db445027}</UniqueIdentifier>
    </Filter>
    <Filter Include="OS\Win32">
      <UniqueIdentifier>{6308ad7d-d930-4fed-9d4b-68bb66b29a78}</UniqueIdentifier>
    </Filter>
    <Filter Include="3rdparty">
      <UniqueIdentifier>{36ccf267-d6c1-41c9-87c3-92c1dfcbe88b}</UniqueIdentifier>
    </Filter>
    <Filter Include="Drivers\OpenGL">
      <UniqueIdentifier>{dfe56374-9726-4919-8529-123cf5ba6ef5}</UniqueIdentifier>
    </Filter>
    <Filter Include="Drivers\OpenGL\ARB Headers">
      <UniqueIdentifier>{92099e5e-bd1b-44f6-9556-4dd01c91c23f}</UniqueIdentifier>
    </Filter>
    <Filter Include="Core\networking">
      <UniqueIdentifier>{1d17fb69-fd1a-44a6-a530-05642d97ddc6}</UniqueIdentifier>
    </Filter>
    <Filter Include="Resources\hlsl">
      <UniqueIdentifier>{0ecdcd74-a30b-457e-8b22-92bd58405c56}</UniqueIdentifier>
    </Filter>
    <Filter Include="Resources\glsl">
      <UniqueIdentifier>{889cc549-e49b-430b-9e9b-5a42e7c26b03}</UniqueIdentifier>
    </Filter>
    <Filter Include="Drivers\OpenGL\Function Wrappers">
      <UniqueIdentifier>{5e7e0e62-aba4-4256-b0ec-a1a7fbcba715}</UniqueIdentifier>
    </Filter>
    <Filter Include="API">
      <UniqueIdentifier>{7d6b0f22-1180-4767-b284-cc87f54ec012}</UniqueIdentifier>
    </Filter>
    <Filter Include="API\Replay">
      <UniqueIdentifier>{4e047f61-a78b-4a09-abbb-6c839a4fe177}</UniqueIdentifier>
    </Filter>
    <Filter Include="API\In-App">
      <UniqueIdentifier>{188b97fd-b9d4-47a6-a51a-48bc00e6fc5c}</UniqueIdentifier>
    </Filter>
    <Filter Include="Common\File Formats">
      <UniqueIdentifier>{eb0686f4-bcb3-4edd-b488-937b1491909b}</UniqueIdentifier>
    </Filter>
    <Filter Include="3rdparty\stb">
      <UniqueIdentifier>{5f5e3b49-5091-4a26-b24b-723ebb95ba78}</UniqueIdentifier>
    </Filter>
    <Filter Include="3rdparty\jpeg-compressor">
      <UniqueIdentifier>{d7a4190d-f68a-4e08-877f-04be35995e03}</UniqueIdentifier>
    </Filter>
    <Filter Include="3rdparty\lz4">
      <UniqueIdentifier>{043f5a32-683e-4b56-bcc6-512444b40d70}</UniqueIdentifier>
    </Filter>
  </ItemGroup>
  <ItemGroup>
    <ClInclude Include="maths\camera.h">
      <Filter>Common\Maths</Filter>
    </ClInclude>
    <ClInclude Include="maths\matrix.h">
      <Filter>Common\Maths</Filter>
    </ClInclude>
    <ClInclude Include="maths\quat.h">
      <Filter>Common\Maths</Filter>
    </ClInclude>
    <ClInclude Include="serialise\serialiser.h">
      <Filter>Common\Serialise</Filter>
    </ClInclude>
    <ClInclude Include="data\resource.h">
      <Filter>Resources</Filter>
    </ClInclude>
    <ClInclude Include="hooks\hooks.h">
      <Filter>hooks</Filter>
    </ClInclude>
    <ClInclude Include="common\common.h">
      <Filter>Common</Filter>
    </ClInclude>
    <ClInclude Include="common\globalconfig.h">
      <Filter>Common</Filter>
    </ClInclude>
    <ClInclude Include="common\wrapped_pool.h">
      <Filter>Common</Filter>
    </ClInclude>
    <ClInclude Include="maths\vec.h">
      <Filter>Common\Maths</Filter>
    </ClInclude>
    <ClInclude Include="common\threading.h">
      <Filter>Common</Filter>
    </ClInclude>
    <ClInclude Include="common\timing.h">
      <Filter>Common</Filter>
    </ClInclude>
    <ClInclude Include="driver\d3d11\shaders\dxbc_spdb.h">
      <Filter>Drivers\D3D11\shaders</Filter>
    </ClInclude>
    <ClInclude Include="driver\d3d11\shaders\dxbc_debug.h">
      <Filter>Drivers\D3D11\shaders</Filter>
    </ClInclude>
    <ClInclude Include="driver\d3d11\shaders\dxbc_disassemble.h">
      <Filter>Drivers\D3D11\shaders</Filter>
    </ClInclude>
    <ClInclude Include="driver\d3d11\shaders\dxbc_inspect.h">
      <Filter>Drivers\D3D11\shaders</Filter>
    </ClInclude>
    <ClInclude Include="driver\d3d11\shaders\dxbc_sdbg.h">
      <Filter>Drivers\D3D11\shaders</Filter>
    </ClInclude>
    <ClInclude Include="driver\d3d11\d3d11_debug.h">
      <Filter>Drivers\D3D11</Filter>
    </ClInclude>
    <ClInclude Include="driver\d3d11\d3d11_device.h">
      <Filter>Drivers\D3D11</Filter>
    </ClInclude>
    <ClInclude Include="driver\d3d11\d3d11_manager.h">
      <Filter>Drivers\D3D11</Filter>
    </ClInclude>
    <ClInclude Include="driver\d3d11\d3d11_renderstate.h">
      <Filter>Drivers\D3D11</Filter>
    </ClInclude>
    <ClInclude Include="driver\d3d11\d3d11_resources.h">
      <Filter>Drivers\D3D11</Filter>
    </ClInclude>
    <ClInclude Include="driver\d3d11\d3d11_common.h">
      <Filter>Drivers\D3D11</Filter>
    </ClInclude>
    <ClInclude Include="driver\d3d11\d3d11_context.h">
      <Filter>Drivers\D3D11</Filter>
    </ClInclude>
    <ClInclude Include="os\os_specific.h">
      <Filter>OS</Filter>
    </ClInclude>
    <ClInclude Include="driver\d3d11\d3d11_replay.h">
      <Filter>Drivers\D3D11</Filter>
    </ClInclude>
    <ClInclude Include="os\win32_specific.h">
      <Filter>OS\Win32</Filter>
    </ClInclude>
    <ClInclude Include="core\resource_manager.h">
      <Filter>Core</Filter>
    </ClInclude>
    <ClInclude Include="driver\gl\gl_hookset.h">
      <Filter>Drivers\OpenGL</Filter>
    </ClInclude>
    <ClInclude Include="driver\gl\gl_common.h">
      <Filter>Drivers\OpenGL</Filter>
    </ClInclude>
    <ClInclude Include="driver\gl\official\glcorearb.h">
      <Filter>Drivers\OpenGL\ARB Headers</Filter>
    </ClInclude>
    <ClInclude Include="driver\gl\official\glext.h">
      <Filter>Drivers\OpenGL\ARB Headers</Filter>
    </ClInclude>
    <ClInclude Include="driver\gl\official\wglext.h">
      <Filter>Drivers\OpenGL\ARB Headers</Filter>
    </ClInclude>
    <ClInclude Include="driver\gl\gl_manager.h">
      <Filter>Drivers\OpenGL</Filter>
    </ClInclude>
    <ClInclude Include="driver\gl\gl_resources.h">
      <Filter>Drivers\OpenGL</Filter>
    </ClInclude>
    <ClInclude Include="driver\gl\gl_replay.h">
      <Filter>Drivers\OpenGL</Filter>
    </ClInclude>
    <ClInclude Include="maths\formatpacking.h">
      <Filter>Common\Maths</Filter>
    </ClInclude>
    <ClInclude Include="driver\gl\gl_driver.h">
      <Filter>Drivers\OpenGL</Filter>
    </ClInclude>
    <ClInclude Include="core\socket_helpers.h">
      <Filter>Core\networking</Filter>
    </ClInclude>
    <ClInclude Include="core\replay_proxy.h">
      <Filter>Core\networking</Filter>
    </ClInclude>
    <ClInclude Include="core\crash_handler.h">
      <Filter>Core</Filter>
    </ClInclude>
    <ClInclude Include="driver\gl\gl_enum.h">
      <Filter>Drivers\OpenGL</Filter>
    </ClInclude>
    <ClInclude Include="replay\type_helpers.h">
      <Filter>Replay</Filter>
    </ClInclude>
    <ClInclude Include="replay\replay_driver.h">
      <Filter>Replay</Filter>
    </ClInclude>
    <ClInclude Include="replay\replay_renderer.h">
      <Filter>Replay</Filter>
    </ClInclude>
    <ClInclude Include="driver\dxgi\dxgi_wrapped.h">
      <Filter>Drivers\DXGI</Filter>
    </ClInclude>
    <ClInclude Include="core\core.h">
      <Filter>Core</Filter>
    </ClInclude>
    <ClInclude Include="maths\half_convert.h">
      <Filter>Common\Maths</Filter>
    </ClInclude>
    <ClInclude Include="common\string_utils.h">
      <Filter>Common</Filter>
    </ClInclude>
    <ClInclude Include="driver\gl\gl_hookset_defs.h">
      <Filter>Drivers\OpenGL</Filter>
    </ClInclude>
    <ClInclude Include="data\hlsl\debugcbuffers.h">
      <Filter>Resources\hlsl</Filter>
    </ClInclude>
    <ClInclude Include="data\glsl\debuguniforms.h">
      <Filter>Resources\glsl</Filter>
    </ClInclude>
    <ClInclude Include="driver\gl\gl_renderstate.h">
      <Filter>Drivers\OpenGL</Filter>
    </ClInclude>
    <ClInclude Include="os\win32\win32_hook.h">
      <Filter>OS\Win32</Filter>
    </ClInclude>
    <ClInclude Include="driver\gl\gl_shader_refl.h">
      <Filter>Drivers\OpenGL</Filter>
    </ClInclude>
    <ClInclude Include="data\version.h">
      <Filter>Resources</Filter>
    </ClInclude>
    <ClInclude Include="api\replay\basic_types.h">
      <Filter>API\Replay</Filter>
    </ClInclude>
    <ClInclude Include="api\replay\control_types.h">
      <Filter>API\Replay</Filter>
    </ClInclude>
    <ClInclude Include="api\replay\d3d11_pipestate.h">
      <Filter>API\Replay</Filter>
    </ClInclude>
    <ClInclude Include="api\replay\data_types.h">
      <Filter>API\Replay</Filter>
    </ClInclude>
    <ClInclude Include="api\replay\gl_pipestate.h">
      <Filter>API\Replay</Filter>
    </ClInclude>
    <ClInclude Include="api\replay\replay_enums.h">
      <Filter>API\Replay</Filter>
    </ClInclude>
    <ClInclude Include="api\replay\shader_types.h">
      <Filter>API\Replay</Filter>
    </ClInclude>
    <ClInclude Include="api\app\renderdoc_app.h">
      <Filter>API\In-App</Filter>
    </ClInclude>
    <ClInclude Include="api\replay\renderdoc_replay.h">
      <Filter>API\Replay</Filter>
    </ClInclude>
    <ClInclude Include="common\dds_readwrite.h">
      <Filter>Common\File Formats</Filter>
    </ClInclude>
    <ClInclude Include="3rdparty\jpeg-compressor\jpge.h">
      <Filter>3rdparty\jpeg-compressor</Filter>
    </ClInclude>
    <ClInclude Include="3rdparty\jpeg-compressor\jpgd.h">
      <Filter>3rdparty\jpeg-compressor</Filter>
    </ClInclude>
    <ClInclude Include="3rdparty\lz4\lz4.h">
      <Filter>3rdparty\lz4</Filter>
    </ClInclude>
    <ClInclude Include="3rdparty\stb\stb_image.h">
      <Filter>3rdparty\stb</Filter>
    </ClInclude>
    <ClInclude Include="3rdparty\stb\stb_image_write.h">
      <Filter>3rdparty\stb</Filter>
    </ClInclude>
    <ClInclude Include="3rdparty\stb\stb_truetype.h">
      <Filter>3rdparty\stb</Filter>
    </ClInclude>
    <ClInclude Include="data\glsl\texsample.h">
      <Filter>Resources\glsl</Filter>
    </ClInclude>
  </ItemGroup>
  <ItemGroup>
    <ClCompile Include="maths\camera.cpp">
      <Filter>Common\Maths</Filter>
    </ClCompile>
    <ClCompile Include="maths\matrix.cpp">
      <Filter>Common\Maths</Filter>
    </ClCompile>
    <ClCompile Include="serialise\serialiser.cpp">
      <Filter>Common\Serialise</Filter>
    </ClCompile>
    <ClCompile Include="hooks\d3d9_hooks.cpp">
      <Filter>hooks\libs</Filter>
    </ClCompile>
    <ClCompile Include="hooks\hooks.cpp">
      <Filter>hooks</Filter>
    </ClCompile>
    <ClCompile Include="hooks\d3d11_hooks.cpp">
      <Filter>hooks\libs</Filter>
    </ClCompile>
    <ClCompile Include="hooks\dxgi_hooks.cpp">
      <Filter>hooks\libs</Filter>
    </ClCompile>
    <ClCompile Include="hooks\win32_libentry.cpp">
      <Filter>hooks</Filter>
    </ClCompile>
    <ClCompile Include="common\common.cpp">
      <Filter>Common</Filter>
    </ClCompile>
    <ClCompile Include="driver\d3d11\shaders\dxbc_debug.cpp">
      <Filter>Drivers\D3D11\shaders</Filter>
    </ClCompile>
    <ClCompile Include="driver\d3d11\shaders\dxbc_disassemble.cpp">
      <Filter>Drivers\D3D11\shaders</Filter>
    </ClCompile>
    <ClCompile Include="driver\d3d11\shaders\dxbc_inspect.cpp">
      <Filter>Drivers\D3D11\shaders</Filter>
    </ClCompile>
    <ClCompile Include="driver\d3d11\d3d11_context_wrap.cpp">
      <Filter>Drivers\D3D11</Filter>
    </ClCompile>
    <ClCompile Include="driver\d3d11\d3d11_debug.cpp">
      <Filter>Drivers\D3D11</Filter>
    </ClCompile>
    <ClCompile Include="driver\d3d11\d3d11_device.cpp">
      <Filter>Drivers\D3D11</Filter>
    </ClCompile>
    <ClCompile Include="driver\d3d11\d3d11_device_wrap.cpp">
      <Filter>Drivers\D3D11</Filter>
    </ClCompile>
    <ClCompile Include="driver\d3d11\d3d11_manager.cpp">
      <Filter>Drivers\D3D11</Filter>
    </ClCompile>
    <ClCompile Include="driver\d3d11\d3d11_renderstate.cpp">
      <Filter>Drivers\D3D11</Filter>
    </ClCompile>
    <ClCompile Include="driver\d3d11\d3d11_resources.cpp">
      <Filter>Drivers\D3D11</Filter>
    </ClCompile>
    <ClCompile Include="driver\d3d11\d3d11_analyse.cpp">
      <Filter>Drivers\D3D11</Filter>
    </ClCompile>
    <ClCompile Include="driver\d3d11\d3d11_context.cpp">
      <Filter>Drivers\D3D11</Filter>
    </ClCompile>
    <ClCompile Include="driver\d3d11\d3d11_common.cpp">
      <Filter>Drivers\D3D11</Filter>
    </ClCompile>
    <ClCompile Include="os\win32\win32_callstack.cpp">
      <Filter>OS\Win32</Filter>
    </ClCompile>
    <ClCompile Include="os\win32\win32_process.cpp">
      <Filter>OS\Win32</Filter>
    </ClCompile>
    <ClCompile Include="os\os_specific.cpp">
      <Filter>OS</Filter>
    </ClCompile>
    <ClCompile Include="driver\d3d11\d3d11_replay.cpp">
      <Filter>Drivers\D3D11</Filter>
    </ClCompile>
    <ClCompile Include="driver\d3d11\d3d11_context1_wrap.cpp">
      <Filter>Drivers\D3D11</Filter>
    </ClCompile>
    <ClCompile Include="driver\d3d11\d3d11_device1_wrap.cpp">
      <Filter>Drivers\D3D11</Filter>
    </ClCompile>
    <ClCompile Include="os\win32\win32_threading.cpp">
      <Filter>OS\Win32</Filter>
    </ClCompile>
    <ClCompile Include="os\win32\win32_stringio.cpp">
      <Filter>OS\Win32</Filter>
    </ClCompile>
    <ClCompile Include="core\resource_manager.cpp">
      <Filter>Core</Filter>
    </ClCompile>
    <ClCompile Include="driver\gl\gl_driver.cpp">
      <Filter>Drivers\OpenGL</Filter>
    </ClCompile>
    <ClCompile Include="driver\gl\gl_common.cpp">
      <Filter>Drivers\OpenGL</Filter>
    </ClCompile>
    <ClCompile Include="driver\gl\gl_manager.cpp">
      <Filter>Drivers\OpenGL</Filter>
    </ClCompile>
    <ClCompile Include="os\win32\win32_shellext.cpp">
      <Filter>OS\Win32</Filter>
    </ClCompile>
    <ClCompile Include="os\win32\win32_network.cpp">
      <Filter>OS\Win32</Filter>
    </ClCompile>
    <ClCompile Include="driver\gl\gl_replay.cpp">
      <Filter>Drivers\OpenGL</Filter>
    </ClCompile>
    <ClCompile Include="driver\gl\gl_resources.cpp">
      <Filter>Drivers\OpenGL</Filter>
    </ClCompile>
    <ClCompile Include="core\remote_access.cpp">
      <Filter>Core\networking</Filter>
    </ClCompile>
    <ClCompile Include="core\remote_replay.cpp">
      <Filter>Core\networking</Filter>
    </ClCompile>
    <ClCompile Include="core\replay_proxy.cpp">
      <Filter>Core\networking</Filter>
    </ClCompile>
    <ClCompile Include="replay\type_helpers.cpp">
      <Filter>Replay</Filter>
    </ClCompile>
    <ClCompile Include="replay\entry_points.cpp">
      <Filter>Replay</Filter>
    </ClCompile>
    <ClCompile Include="replay\replay_output.cpp">
      <Filter>Replay</Filter>
    </ClCompile>
    <ClCompile Include="replay\replay_renderer.cpp">
      <Filter>Replay</Filter>
    </ClCompile>
    <ClCompile Include="hooks\gl_win32_hooks.cpp">
      <Filter>hooks\libs</Filter>
    </ClCompile>
    <ClCompile Include="driver\dxgi\dxgi_wrapped.cpp">
      <Filter>Drivers\DXGI</Filter>
    </ClCompile>
    <ClCompile Include="core\core.cpp">
      <Filter>Core</Filter>
    </ClCompile>
    <ClCompile Include="hooks\sys_win32_hooks.cpp">
      <Filter>hooks\libs</Filter>
    </ClCompile>
    <ClCompile Include="driver\gl\gl_replay_win32.cpp">
      <Filter>Drivers\OpenGL</Filter>
    </ClCompile>
    <ClCompile Include="driver\gl\gl_debug.cpp">
      <Filter>Drivers\OpenGL</Filter>
    </ClCompile>
    <ClCompile Include="driver\gl\gl_renderstate.cpp">
      <Filter>Drivers\OpenGL</Filter>
    </ClCompile>
    <ClCompile Include="driver\gl\wrappers\gl_buffer_funcs.cpp">
      <Filter>Drivers\OpenGL\Function Wrappers</Filter>
    </ClCompile>
    <ClCompile Include="driver\gl\wrappers\gl_debug_funcs.cpp">
      <Filter>Drivers\OpenGL\Function Wrappers</Filter>
    </ClCompile>
    <ClCompile Include="driver\gl\wrappers\gl_draw_funcs.cpp">
      <Filter>Drivers\OpenGL\Function Wrappers</Filter>
    </ClCompile>
    <ClCompile Include="driver\gl\wrappers\gl_framebuffer_funcs.cpp">
      <Filter>Drivers\OpenGL\Function Wrappers</Filter>
    </ClCompile>
    <ClCompile Include="driver\gl\wrappers\gl_sampler_funcs.cpp">
      <Filter>Drivers\OpenGL\Function Wrappers</Filter>
    </ClCompile>
    <ClCompile Include="driver\gl\wrappers\gl_shader_funcs.cpp">
      <Filter>Drivers\OpenGL\Function Wrappers</Filter>
    </ClCompile>
    <ClCompile Include="driver\gl\wrappers\gl_state_funcs.cpp">
      <Filter>Drivers\OpenGL\Function Wrappers</Filter>
    </ClCompile>
    <ClCompile Include="driver\gl\wrappers\gl_texture_funcs.cpp">
      <Filter>Drivers\OpenGL\Function Wrappers</Filter>
    </ClCompile>
    <ClCompile Include="driver\gl\wrappers\gl_uniform_funcs.cpp">
      <Filter>Drivers\OpenGL\Function Wrappers</Filter>
    </ClCompile>
    <ClCompile Include="driver\gl\wrappers\gl_get_funcs.cpp">
      <Filter>Drivers\OpenGL\Function Wrappers</Filter>
    </ClCompile>
    <ClCompile Include="driver\gl\wrappers\gl_query_funcs.cpp">
      <Filter>Drivers\OpenGL\Function Wrappers</Filter>
    </ClCompile>
    <ClCompile Include="os\win32\win32_hook.cpp">
      <Filter>OS\Win32</Filter>
    </ClCompile>
    <ClCompile Include="driver\gl\gl_shader_refl.cpp">
      <Filter>Drivers\OpenGL</Filter>
    </ClCompile>
    <ClCompile Include="common\dds_readwrite.cpp">
      <Filter>Common\File Formats</Filter>
    </ClCompile>
    <ClCompile Include="3rdparty\jpeg-compressor\jpge.cpp">
      <Filter>3rdparty\jpeg-compressor</Filter>
    </ClCompile>
    <ClCompile Include="3rdparty\jpeg-compressor\jpgd.cpp">
      <Filter>3rdparty\jpeg-compressor</Filter>
    </ClCompile>
    <ClCompile Include="3rdparty\lz4\lz4.c">
      <Filter>3rdparty\lz4</Filter>
    </ClCompile>
    <ClCompile Include="3rdparty\stb\stb_impl.c">
      <Filter>3rdparty\stb</Filter>
    </ClCompile>
    <ClCompile Include="core\image_viewer.cpp">
      <Filter>Core</Filter>
    </ClCompile>
  </ItemGroup>
  <ItemGroup>
    <None Include="os\win32\comexport.def">
      <Filter>OS\Win32</Filter>
    </None>
    <None Include="data\hlsl\debugcommon.hlsl">
      <Filter>Resources\hlsl</Filter>
    </None>
    <None Include="data\hlsl\debugdisplay.hlsl">
      <Filter>Resources\hlsl</Filter>
    </None>
    <None Include="data\hlsl\debugtext.hlsl">
      <Filter>Resources\hlsl</Filter>
    </None>
    <None Include="data\hlsl\histogram.hlsl">
      <Filter>Resources\hlsl</Filter>
    </None>
    <None Include="data\hlsl\multisample.hlsl">
      <Filter>Resources\hlsl</Filter>
    </None>
    <None Include="data\glsl\blit.frag">
      <Filter>Resources\glsl</Filter>
    </None>
    <None Include="data\glsl\blit.vert">
      <Filter>Resources\glsl</Filter>
    </None>
    <None Include="data\glsl\texdisplay.frag">
      <Filter>Resources\glsl</Filter>
    </None>
    <None Include="data\glsl\checkerboard.frag">
      <Filter>Resources\glsl</Filter>
    </None>
    <None Include="data\glsl\generic.vert">
      <Filter>Resources\glsl</Filter>
    </None>
    <None Include="data\glsl\generic.frag">
      <Filter>Resources\glsl</Filter>
    </None>
    <None Include="data\glsl\mesh.vert">
      <Filter>Resources\glsl</Filter>
    </None>
    <None Include="data\glsl\text.frag">
      <Filter>Resources\glsl</Filter>
    </None>
    <None Include="data\glsl\text.vert">
      <Filter>Resources\glsl</Filter>
    </None>
    <None Include="data\glsl\histogram.comp">
      <Filter>Resources\glsl</Filter>
    </None>
  </ItemGroup>
  <ItemGroup>
    <ResourceCompile Include="data\renderdoc.rc">
      <Filter>Resources</Filter>
    </ResourceCompile>
  </ItemGroup>
</Project>